// !$*UTF8*$!
{
	archiveVersion = 1;
	classes = {
	};
	objectVersion = 46;
	objects = {

/* Begin PBXBuildFile section */
		2768329718E723D400D3EE08 /* GPAViewController.m in Sources */ = {isa = PBXBuildFile; fileRef = 2768329518E723D400D3EE08 /* GPAViewController.m */; };
		2768329818E723D400D3EE08 /* GPAViewController.m in Sources */ = {isa = PBXBuildFile; fileRef = 2768329518E723D400D3EE08 /* GPAViewController.m */; };
		2768329918E723D400D3EE08 /* GPAViewController.xib in Resources */ = {isa = PBXBuildFile; fileRef = 2768329618E723D400D3EE08 /* GPAViewController.xib */; };
		2768329A18E723D400D3EE08 /* GPAViewController.xib in Resources */ = {isa = PBXBuildFile; fileRef = 2768329618E723D400D3EE08 /* GPAViewController.xib */; };
		8444C1CD18E7684600CDDE30 /* SelectedLibraryViewController.m in Sources */ = {isa = PBXBuildFile; fileRef = 8444C1CB18E7684600CDDE30 /* SelectedLibraryViewController.m */; };
		8444C1CE18E7684600CDDE30 /* SelectedLibraryViewController.xib in Resources */ = {isa = PBXBuildFile; fileRef = 8444C1CC18E7684600CDDE30 /* SelectedLibraryViewController.xib */; };
		847997C918EBC7B9008903C4 /* EventActualViewController.m in Sources */ = {isa = PBXBuildFile; fileRef = 847997C718EBC7B8008903C4 /* EventActualViewController.m */; };
		847997CE18EDB361008903C4 /* CouponListViewController.m in Sources */ = {isa = PBXBuildFile; fileRef = 847997CC18EDB361008903C4 /* CouponListViewController.m */; };
		847997CF18EDB361008903C4 /* CouponListViewController.xib in Resources */ = {isa = PBXBuildFile; fileRef = 847997CD18EDB361008903C4 /* CouponListViewController.xib */; };
		84A93C3C18DEB8E600E214A9 /* BusViewController.m in Sources */ = {isa = PBXBuildFile; fileRef = 84A93C3A18DEB8E600E214A9 /* BusViewController.m */; };
		84A93C3D18DEB8E600E214A9 /* BusViewController.xib in Resources */ = {isa = PBXBuildFile; fileRef = 84A93C3B18DEB8E600E214A9 /* BusViewController.xib */; };
		84AA11F01912B79900EA6A10 /* Kitten and Puppy.jpg in Resources */ = {isa = PBXBuildFile; fileRef = 84AA11EF1912B79900EA6A10 /* Kitten and Puppy.jpg */; };
		84AA11F21912BE5400EA6A10 /* puppy.jpg in Resources */ = {isa = PBXBuildFile; fileRef = 84AA11F11912BE5400EA6A10 /* puppy.jpg */; };
		84AA11F41912BE8C00EA6A10 /* Puppies-and-Kittens-Pictures9.jpg in Resources */ = {isa = PBXBuildFile; fileRef = 84AA11F31912BE8C00EA6A10 /* Puppies-and-Kittens-Pictures9.jpg */; };
		84AA11F619131A3100EA6A10 /* puppies20.jpg in Resources */ = {isa = PBXBuildFile; fileRef = 84AA11F519131A3100EA6A10 /* puppies20.jpg */; };
		84AA11F819131A6100EA6A10 /* IBR-282274.jpg in Resources */ = {isa = PBXBuildFile; fileRef = 84AA11F719131A6100EA6A10 /* IBR-282274.jpg */; };
		84AA11FA19131AFC00EA6A10 /* puppies17.jpg in Resources */ = {isa = PBXBuildFile; fileRef = 84AA11F919131AFC00EA6A10 /* puppies17.jpg */; };
		84AA11FC19131B8800EA6A10 /* puppies18.jpg in Resources */ = {isa = PBXBuildFile; fileRef = 84AA11FB19131B8800EA6A10 /* puppies18.jpg */; };
		84AA11FE19131BD500EA6A10 /* Kitten and Puppy5.jpg in Resources */ = {isa = PBXBuildFile; fileRef = 84AA11FD19131BD500EA6A10 /* Kitten and Puppy5.jpg */; };
		84AA120019131C1400EA6A10 /* kittens_puppies2.jpg in Resources */ = {isa = PBXBuildFile; fileRef = 84AA11FF19131C1400EA6A10 /* kittens_puppies2.jpg */; };
		84AA120419131E1100EA6A10 /* puppy4.jpg in Resources */ = {isa = PBXBuildFile; fileRef = 84AA120319131E1100EA6A10 /* puppy4.jpg */; };
		84AA120619131E9D00EA6A10 /* Puppies_And_kittens_Picture253-1-.png in Resources */ = {isa = PBXBuildFile; fileRef = 84AA120519131E9D00EA6A10 /* Puppies_And_kittens_Picture253-1-.png */; };
		84AA120819131EFC00EA6A10 /* siberian-husky-puppies-images.jpg in Resources */ = {isa = PBXBuildFile; fileRef = 84AA120719131EFC00EA6A10 /* siberian-husky-puppies-images.jpg */; };
		84AA120A19131F6300EA6A10 /* kitty-and-puppy 6.jpg in Resources */ = {isa = PBXBuildFile; fileRef = 84AA120919131F6300EA6A10 /* kitty-and-puppy 6.jpg */; };
		84AA120C19131F8D00EA6A10 /* puppies kittens 7.jpg in Resources */ = {isa = PBXBuildFile; fileRef = 84AA120B19131F8D00EA6A10 /* puppies kittens 7.jpg */; };
		84AA120E19131FDA00EA6A10 /* images8.jpeg in Resources */ = {isa = PBXBuildFile; fileRef = 84AA120D19131FDA00EA6A10 /* images8.jpeg */; };
		84AA121019131FF400EA6A10 /* puppies-kittens-10-1-jpg14.jpg in Resources */ = {isa = PBXBuildFile; fileRef = 84AA120F19131FF400EA6A10 /* puppies-kittens-10-1-jpg14.jpg */; };
		84AA12121913201E00EA6A10 /* puppies15.jpg in Resources */ = {isa = PBXBuildFile; fileRef = 84AA12111913201E00EA6A10 /* puppies15.jpg */; };
		84AA12141913205000EA6A10 /* puppies16.jpg in Resources */ = {isa = PBXBuildFile; fileRef = 84AA12131913205000EA6A10 /* puppies16.jpg */; };
		84AA12161913207200EA6A10 /* puppies21.jpg in Resources */ = {isa = PBXBuildFile; fileRef = 84AA12151913207200EA6A10 /* puppies21.jpg */; };
		84AA12181913215F00EA6A10 /* cute-puppies-and-kittens-and-bunniescute-puppy-and-kitten-and-bunny-puppies-and-kittens-that-are-best-rclwyg8o.jpg in Resources */ = {isa = PBXBuildFile; fileRef = 84AA12171913215F00EA6A10 /* cute-puppies-and-kittens-and-bunniescute-puppy-and-kitten-and-bunny-puppies-and-kittens-that-are-best-rclwyg8o.jpg */; };
		84AA121B1913473E00EA6A10 /* lib.png in Resources */ = {isa = PBXBuildFile; fileRef = 84AA12191913473E00EA6A10 /* lib.png */; };
		84AA121C1913473E00EA6A10 /* lib@2x.png in Resources */ = {isa = PBXBuildFile; fileRef = 84AA121A1913473E00EA6A10 /* lib@2x.png */; };
		84AA12231913615000EA6A10 /* din@2x.png in Resources */ = {isa = PBXBuildFile; fileRef = 84AA12211913615000EA6A10 /* din@2x.png */; };
		84AA12241913615000EA6A10 /* din.png in Resources */ = {isa = PBXBuildFile; fileRef = 84AA12221913615000EA6A10 /* din.png */; };
		84AA12271913619A00EA6A10 /* rec@2x.png in Resources */ = {isa = PBXBuildFile; fileRef = 84AA12251913619A00EA6A10 /* rec@2x.png */; };
		84AA12281913619A00EA6A10 /* rec.png in Resources */ = {isa = PBXBuildFile; fileRef = 84AA12261913619A00EA6A10 /* rec.png */; };
		84AA122F1913639F00EA6A10 /* h.png in Resources */ = {isa = PBXBuildFile; fileRef = 84AA122D1913639F00EA6A10 /* h.png */; };
		84AA12301913639F00EA6A10 /* h@2x.png in Resources */ = {isa = PBXBuildFile; fileRef = 84AA122E1913639F00EA6A10 /* h@2x.png */; };
		84AA12331913656F00EA6A10 /* tee@2x.png in Resources */ = {isa = PBXBuildFile; fileRef = 84AA12311913656F00EA6A10 /* tee@2x.png */; };
		84AA12341913656F00EA6A10 /* tee.png in Resources */ = {isa = PBXBuildFile; fileRef = 84AA12321913656F00EA6A10 /* tee.png */; };
		84AA12371913681900EA6A10 /* pk@2x.png in Resources */ = {isa = PBXBuildFile; fileRef = 84AA12351913681900EA6A10 /* pk@2x.png */; };
		84AA12381913681900EA6A10 /* pk.png in Resources */ = {isa = PBXBuildFile; fileRef = 84AA12361913681900EA6A10 /* pk.png */; };
		B3451ABB18D7D59D00D032F8 /* Foundation.framework in Frameworks */ = {isa = PBXBuildFile; fileRef = B3451ABA18D7D59D00D032F8 /* Foundation.framework */; };
		B3451ABD18D7D59D00D032F8 /* CoreGraphics.framework in Frameworks */ = {isa = PBXBuildFile; fileRef = B3451ABC18D7D59D00D032F8 /* CoreGraphics.framework */; };
		B3451ABF18D7D59D00D032F8 /* UIKit.framework in Frameworks */ = {isa = PBXBuildFile; fileRef = B3451ABE18D7D59D00D032F8 /* UIKit.framework */; };
		B3451AC518D7D59D00D032F8 /* InfoPlist.strings in Resources */ = {isa = PBXBuildFile; fileRef = B3451AC318D7D59D00D032F8 /* InfoPlist.strings */; };
		B3451AC718D7D59D00D032F8 /* main.m in Sources */ = {isa = PBXBuildFile; fileRef = B3451AC618D7D59D00D032F8 /* main.m */; };
		B3451ACB18D7D59D00D032F8 /* AppDelegate.m in Sources */ = {isa = PBXBuildFile; fileRef = B3451ACA18D7D59D00D032F8 /* AppDelegate.m */; };
		B3451ACD18D7D59D00D032F8 /* Images.xcassets in Resources */ = {isa = PBXBuildFile; fileRef = B3451ACC18D7D59D00D032F8 /* Images.xcassets */; };
		B3451AD418D7D59D00D032F8 /* XCTest.framework in Frameworks */ = {isa = PBXBuildFile; fileRef = B3451AD318D7D59D00D032F8 /* XCTest.framework */; };
		B3451AD518D7D59D00D032F8 /* Foundation.framework in Frameworks */ = {isa = PBXBuildFile; fileRef = B3451ABA18D7D59D00D032F8 /* Foundation.framework */; };
		B3451AD618D7D59D00D032F8 /* UIKit.framework in Frameworks */ = {isa = PBXBuildFile; fileRef = B3451ABE18D7D59D00D032F8 /* UIKit.framework */; };
		B3451ADE18D7D59D00D032F8 /* InfoPlist.strings in Resources */ = {isa = PBXBuildFile; fileRef = B3451ADC18D7D59D00D032F8 /* InfoPlist.strings */; };
		B3451AE018D7D59D00D032F8 /* FinalsAppTests.m in Sources */ = {isa = PBXBuildFile; fileRef = B3451ADF18D7D59D00D032F8 /* FinalsAppTests.m */; };
		B3451AEC18D7D6F000D032F8 /* RootViewController.m in Sources */ = {isa = PBXBuildFile; fileRef = B3451AEA18D7D6F000D032F8 /* RootViewController.m */; };
		B3451AED18D7D6F000D032F8 /* RootViewController.xib in Resources */ = {isa = PBXBuildFile; fileRef = B3451AEB18D7D6F000D032F8 /* RootViewController.xib */; };
		B36009F5190F0B5F00E62ECB /* north_diner.jpg in Resources */ = {isa = PBXBuildFile; fileRef = B36009F4190F0B5F00E62ECB /* north_diner.jpg */; };
		B36009F7190F0B8A00E62ECB /* south_diner.jpg in Resources */ = {isa = PBXBuildFile; fileRef = B36009F6190F0B8A00E62ECB /* south_diner.jpg */; };
		B36A897018D8E35F00CF1BD9 /* MyScheduleViewController.m in Sources */ = {isa = PBXBuildFile; fileRef = B36A896E18D8E35F00CF1BD9 /* MyScheduleViewController.m */; };
		B36A897118D8E35F00CF1BD9 /* MyScheduleViewController.xib in Resources */ = {isa = PBXBuildFile; fileRef = B36A896F18D8E35F00CF1BD9 /* MyScheduleViewController.xib */; };
		B36A897518D8E39600CF1BD9 /* EventsViewController.m in Sources */ = {isa = PBXBuildFile; fileRef = B36A897318D8E39600CF1BD9 /* EventsViewController.m */; };
		B36A897618D8E39600CF1BD9 /* EventsViewController.xib in Resources */ = {isa = PBXBuildFile; fileRef = B36A897418D8E39600CF1BD9 /* EventsViewController.xib */; };
		B36A897F18D8E40100CF1BD9 /* LibraryHoursViewController.m in Sources */ = {isa = PBXBuildFile; fileRef = B36A897D18D8E40100CF1BD9 /* LibraryHoursViewController.m */; };
		B36A898018D8E40100CF1BD9 /* LibraryHoursViewController.xib in Resources */ = {isa = PBXBuildFile; fileRef = B36A897E18D8E40100CF1BD9 /* LibraryHoursViewController.xib */; };
		B36A898418D8E40F00CF1BD9 /* BusScheduleViewController.m in Sources */ = {isa = PBXBuildFile; fileRef = B36A898218D8E40F00CF1BD9 /* BusScheduleViewController.m */; };
		B36A898518D8E40F00CF1BD9 /* BusScheduleViewController.xib in Resources */ = {isa = PBXBuildFile; fileRef = B36A898318D8E40F00CF1BD9 /* BusScheduleViewController.xib */; };
		B36A898918D8E42200CF1BD9 /* CouponsViewController.m in Sources */ = {isa = PBXBuildFile; fileRef = B36A898718D8E42200CF1BD9 /* CouponsViewController.m */; };
		B36A898A18D8E42200CF1BD9 /* CouponsViewController.xib in Resources */ = {isa = PBXBuildFile; fileRef = B36A898818D8E42200CF1BD9 /* CouponsViewController.xib */; };
		B36D0AA118F2FDAB005D39BD /* TimeManagementViewController.m in Sources */ = {isa = PBXBuildFile; fileRef = B36D0A9F18F2FDAB005D39BD /* TimeManagementViewController.m */; };
		B36D0AA218F2FDAB005D39BD /* TimeManagementViewController.xib in Resources */ = {isa = PBXBuildFile; fileRef = B36D0AA018F2FDAB005D39BD /* TimeManagementViewController.xib */; };
		B36D0AA618F2FDE3005D39BD /* StressReliefViewController.m in Sources */ = {isa = PBXBuildFile; fileRef = B36D0AA418F2FDE3005D39BD /* StressReliefViewController.m */; };
		B36D0AA718F2FDE3005D39BD /* StressReliefViewController.xib in Resources */ = {isa = PBXBuildFile; fileRef = B36D0AA518F2FDE3005D39BD /* StressReliefViewController.xib */; };
		B36D0AAB18F2FDFA005D39BD /* PicturesOfPAndKViewController.m in Sources */ = {isa = PBXBuildFile; fileRef = B36D0AA918F2FDFA005D39BD /* PicturesOfPAndKViewController.m */; };
		B36D0AAC18F2FDFA005D39BD /* PicturesOfPAndKViewController.xib in Resources */ = {isa = PBXBuildFile; fileRef = B36D0AAA18F2FDFA005D39BD /* PicturesOfPAndKViewController.xib */; };
		B36D0AB018F2FE1A005D39BD /* TestudoOfferingViewController.m in Sources */ = {isa = PBXBuildFile; fileRef = B36D0AAE18F2FE1A005D39BD /* TestudoOfferingViewController.m */; };
		B36D0AB118F2FE1A005D39BD /* TestudoOfferingViewController.xib in Resources */ = {isa = PBXBuildFile; fileRef = B36D0AAF18F2FE1A005D39BD /* TestudoOfferingViewController.xib */; };
		B36D0AB518F2FE30005D39BD /* QuoteViewController.m in Sources */ = {isa = PBXBuildFile; fileRef = B36D0AB318F2FE30005D39BD /* QuoteViewController.m */; };
		B36D0AB618F2FE30005D39BD /* QuoteViewController.xib in Resources */ = {isa = PBXBuildFile; fileRef = B36D0AB418F2FE30005D39BD /* QuoteViewController.xib */; };
		B36D0ABA18F2FE3B005D39BD /* AboutViewController.m in Sources */ = {isa = PBXBuildFile; fileRef = B36D0AB818F2FE3B005D39BD /* AboutViewController.m */; };
		B36D0ABB18F2FE3B005D39BD /* AboutViewController.xib in Resources */ = {isa = PBXBuildFile; fileRef = B36D0AB918F2FE3B005D39BD /* AboutViewController.xib */; };
		B38DCAB918F9BB3800962849 /* StressHelpViewController.m in Sources */ = {isa = PBXBuildFile; fileRef = B38DCAB718F9BB3800962849 /* StressHelpViewController.m */; };
		B38DCABA18F9BB3800962849 /* StressHelpViewController.xib in Resources */ = {isa = PBXBuildFile; fileRef = B38DCAB818F9BB3800962849 /* StressHelpViewController.xib */; };
		B38DCACD18F9CA5200962849 /* pic10.png in Resources */ = {isa = PBXBuildFile; fileRef = B38DCABD18F9CA5200962849 /* pic10.png */; };
		B38DCACE18F9CA5200962849 /* pic11.png in Resources */ = {isa = PBXBuildFile; fileRef = B38DCABE18F9CA5200962849 /* pic11.png */; };
		B38DCACF18F9CA5200962849 /* pic12.png in Resources */ = {isa = PBXBuildFile; fileRef = B38DCABF18F9CA5200962849 /* pic12.png */; };
		B38DCAD018F9CA5200962849 /* pic13.png in Resources */ = {isa = PBXBuildFile; fileRef = B38DCAC018F9CA5200962849 /* pic13.png */; };
		B38DCAD118F9CA5200962849 /* pic14.png in Resources */ = {isa = PBXBuildFile; fileRef = B38DCAC118F9CA5200962849 /* pic14.png */; };
		B38DCAD218F9CA5200962849 /* pic15.png in Resources */ = {isa = PBXBuildFile; fileRef = B38DCAC218F9CA5200962849 /* pic15.png */; };
		B38DCAD318F9CA5200962849 /* pic16.png in Resources */ = {isa = PBXBuildFile; fileRef = B38DCAC318F9CA5200962849 /* pic16.png */; };
		B38DCAD518F9CA5200962849 /* pic3.png in Resources */ = {isa = PBXBuildFile; fileRef = B38DCAC518F9CA5200962849 /* pic3.png */; };
		B38DCAD618F9CA5200962849 /* pic4.png in Resources */ = {isa = PBXBuildFile; fileRef = B38DCAC618F9CA5200962849 /* pic4.png */; };
		B38DCAD718F9CA5200962849 /* pic5.png in Resources */ = {isa = PBXBuildFile; fileRef = B38DCAC718F9CA5200962849 /* pic5.png */; };
		B38DCAD818F9CA5200962849 /* pic6.png in Resources */ = {isa = PBXBuildFile; fileRef = B38DCAC818F9CA5200962849 /* pic6.png */; };
		B38DCAD918F9CA5200962849 /* pic7.png in Resources */ = {isa = PBXBuildFile; fileRef = B38DCAC918F9CA5200962849 /* pic7.png */; };
		B38DCADA18F9CA5200962849 /* pic8.png in Resources */ = {isa = PBXBuildFile; fileRef = B38DCACA18F9CA5200962849 /* pic8.png */; };
		B38DCADB18F9CA5200962849 /* pic9.png in Resources */ = {isa = PBXBuildFile; fileRef = B38DCACB18F9CA5200962849 /* pic9.png */; };
		B38FDAC5190EACB000986EA1 /* eppley.jpg in Resources */ = {isa = PBXBuildFile; fileRef = B38FDAC2190EACB000986EA1 /* eppley.jpg */; };
		B38FDAC6190EACB000986EA1 /* ritchie.jpg in Resources */ = {isa = PBXBuildFile; fileRef = B38FDAC3190EACB000986EA1 /* ritchie.jpg */; };
		B38FDAC7190EACB000986EA1 /* sph.jpg in Resources */ = {isa = PBXBuildFile; fileRef = B38FDAC4190EACB000986EA1 /* sph.jpg */; };
		B3D253CA18D8BA8E0049D016 /* Architecture.jpg in Resources */ = {isa = PBXBuildFile; fileRef = B3D253B418D8BA8E0049D016 /* Architecture.jpg */; };
		B3D253CB18D8BA8E0049D016 /* Art.jpg in Resources */ = {isa = PBXBuildFile; fileRef = B3D253B518D8BA8E0049D016 /* Art.jpg */; };
		B3D253CC18D8BA8E0049D016 /* Blank Coupon iphone 4.jpeg in Resources */ = {isa = PBXBuildFile; fileRef = B3D253B618D8BA8E0049D016 /* Blank Coupon iphone 4.jpeg */; };
		B3D253CD18D8BA8E0049D016 /* bus.png in Resources */ = {isa = PBXBuildFile; fileRef = B3D253B718D8BA8E0049D016 /* bus.png */; };
		B3D253CE18D8BA8E0049D016 /* cal.png in Resources */ = {isa = PBXBuildFile; fileRef = B3D253B818D8BA8E0049D016 /* cal.png */; };
		B3D253CF18D8BA8E0049D016 /* Chemistry.jpg in Resources */ = {isa = PBXBuildFile; fileRef = B3D253B918D8BA8E0049D016 /* Chemistry.jpg */; };
		B3D253D018D8BA8E0049D016 /* coupon_header.png in Resources */ = {isa = PBXBuildFile; fileRef = B3D253BA18D8BA8E0049D016 /* coupon_header.png */; };
		B3D253D118D8BA8E0049D016 /* CSPAC.jpg in Resources */ = {isa = PBXBuildFile; fileRef = B3D253BB18D8BA8E0049D016 /* CSPAC.jpg */; };
		B3D253D218D8BA8E0049D016 /* Engineering.jpg in Resources */ = {isa = PBXBuildFile; fileRef = B3D253BC18D8BA8E0049D016 /* Engineering.jpg */; };
		B3D253D318D8BA8E0049D016 /* food.png in Resources */ = {isa = PBXBuildFile; fileRef = B3D253BD18D8BA8E0049D016 /* food.png */; };
		B3D253D418D8BA8E0049D016 /* gym.png in Resources */ = {isa = PBXBuildFile; fileRef = B3D253BE18D8BA8E0049D016 /* gym.png */; };
		B3D253D518D8BA8E0049D016 /* Hornbake.jpg in Resources */ = {isa = PBXBuildFile; fileRef = B3D253BF18D8BA8E0049D016 /* Hornbake.jpg */; };
		B3D253D618D8BA8E0049D016 /* icon-120.png in Resources */ = {isa = PBXBuildFile; fileRef = B3D253C018D8BA8E0049D016 /* icon-120.png */; };
		B3D253D718D8BA8E0049D016 /* icon.png in Resources */ = {isa = PBXBuildFile; fileRef = B3D253C118D8BA8E0049D016 /* icon.png */; };
		B3D253D818D8BA8E0049D016 /* library.png in Resources */ = {isa = PBXBuildFile; fileRef = B3D253C218D8BA8E0049D016 /* library.png */; };
		B3D253D918D8BA8E0049D016 /* McKeldin.jpg in Resources */ = {isa = PBXBuildFile; fileRef = B3D253C318D8BA8E0049D016 /* McKeldin.jpg */; };
		B3D253DA18D8BA8E0049D016 /* party.png in Resources */ = {isa = PBXBuildFile; fileRef = B3D253C418D8BA8E0049D016 /* party.png */; };
		B3D253DB18D8BA8E0049D016 /* splash.png in Resources */ = {isa = PBXBuildFile; fileRef = B3D253C518D8BA8E0049D016 /* splash.png */; };
		B3D253DC18D8BA8E0049D016 /* splash1.png in Resources */ = {isa = PBXBuildFile; fileRef = B3D253C618D8BA8E0049D016 /* splash1.png */; };
		B3D253DD18D8BA8E0049D016 /* splash3.png in Resources */ = {isa = PBXBuildFile; fileRef = B3D253C718D8BA8E0049D016 /* splash3.png */; };
		B3D253DE18D8BA8E0049D016 /* splash4-1.png in Resources */ = {isa = PBXBuildFile; fileRef = B3D253C818D8BA8E0049D016 /* splash4-1.png */; };
		B3D253DF18D8BA8E0049D016 /* splash4.png in Resources */ = {isa = PBXBuildFile; fileRef = B3D253C918D8BA8E0049D016 /* splash4.png */; };
		B3FFB1F818F2540F0043C3A2 /* GymViewController.m in Sources */ = {isa = PBXBuildFile; fileRef = B3FFB1F618F2540F0043C3A2 /* GymViewController.m */; };
		B3FFB1F918F2540F0043C3A2 /* GymViewController.xib in Resources */ = {isa = PBXBuildFile; fileRef = B3FFB1F718F2540F0043C3A2 /* GymViewController.xib */; };
		B3FFB1FD18F2576C0043C3A2 /* DiningViewController.m in Sources */ = {isa = PBXBuildFile; fileRef = B3FFB1FB18F2576C0043C3A2 /* DiningViewController.m */; };
		B3FFB1FE18F2576C0043C3A2 /* DiningViewController.xib in Resources */ = {isa = PBXBuildFile; fileRef = B3FFB1FC18F2576C0043C3A2 /* DiningViewController.xib */; };
		BD0C1B9E18FD8E0900903676 /* IMG_2735.JPG in Resources */ = {isa = PBXBuildFile; fileRef = BD0C1B9918FD8E0900903676 /* IMG_2735.JPG */; };
		BD0C1B9F18FD8E0900903676 /* IMG_2740.JPG in Resources */ = {isa = PBXBuildFile; fileRef = BD0C1B9A18FD8E0900903676 /* IMG_2740.JPG */; };
		BD0C1BA018FD8E0900903676 /* IMG_2742.JPG in Resources */ = {isa = PBXBuildFile; fileRef = BD0C1B9B18FD8E0900903676 /* IMG_2742.JPG */; };
		BD0C1BA118FD8E0900903676 /* IMG_2749.JPG in Resources */ = {isa = PBXBuildFile; fileRef = BD0C1B9C18FD8E0900903676 /* IMG_2749.JPG */; };
		BD0C1BA218FD8E0900903676 /* IMG_2750.JPG in Resources */ = {isa = PBXBuildFile; fileRef = BD0C1B9D18FD8E0900903676 /* IMG_2750.JPG */; };
		BD6EF92618F5001F007ECB45 /* header_01.png in Resources */ = {isa = PBXBuildFile; fileRef = BD6EF92518F5001F007ECB45 /* header_01.png */; };
		BDC3E5C718F643AC00A893D4 /* specialButton_01.png in Resources */ = {isa = PBXBuildFile; fileRef = BDC3E5C618F643AC00A893D4 /* specialButton_01.png */; };
		BDC3E5CB18F6481200A893D4 /* back2.png in Resources */ = {isa = PBXBuildFile; fileRef = BDC3E5CA18F6481200A893D4 /* back2.png */; };
		BDC3E5E118F649A100A893D4 /* campusEventsText.png in Resources */ = {isa = PBXBuildFile; fileRef = BDC3E5CC18F649A100A893D4 /* campusEventsText.png */; };
		BDC3E61B18F649E300A893D4 /* emptyHeader_01.png in Resources */ = {isa = PBXBuildFile; fileRef = BDC3E61A18F649E300A893D4 /* emptyHeader_01.png */; };
		BDC3E61D18F6503600A893D4 /* EventActualViewController.xib in Resources */ = {isa = PBXBuildFile; fileRef = BDC3E61C18F6503600A893D4 /* EventActualViewController.xib */; };
		BDCE35CA190E0603005C0B29 /* aboutbtn_07.png in Resources */ = {isa = PBXBuildFile; fileRef = BDCE35BA190E0603005C0B29 /* aboutbtn_07.png */; };
		BDCE35CB190E0603005C0B29 /* menu_04.png in Resources */ = {isa = PBXBuildFile; fileRef = BDCE35BC190E0603005C0B29 /* menu_04.png */; };
		BDCE35CC190E0603005C0B29 /* menu_05.png in Resources */ = {isa = PBXBuildFile; fileRef = BDCE35BD190E0603005C0B29 /* menu_05.png */; };
		BDCE35CD190E0603005C0B29 /* menu_06.png in Resources */ = {isa = PBXBuildFile; fileRef = BDCE35BE190E0603005C0B29 /* menu_06.png */; };
		BDCE35CE190E0603005C0B29 /* menu_07.png in Resources */ = {isa = PBXBuildFile; fileRef = BDCE35BF190E0603005C0B29 /* menu_07.png */; };
		BDCE35CF190E0603005C0B29 /* menuBtns_02_02.png in Resources */ = {isa = PBXBuildFile; fileRef = BDCE35C0190E0603005C0B29 /* menuBtns_02_02.png */; };
		BDCE35D0190E0603005C0B29 /* menuBtns_02_03.png in Resources */ = {isa = PBXBuildFile; fileRef = BDCE35C1190E0603005C0B29 /* menuBtns_02_03.png */; };
		BDCE35D1190E0603005C0B29 /* menuBtns_02_04.png in Resources */ = {isa = PBXBuildFile; fileRef = BDCE35C2190E0603005C0B29 /* menuBtns_02_04.png */; };
		BDCE35D2190E0603005C0B29 /* menuBtns_02_05.png in Resources */ = {isa = PBXBuildFile; fileRef = BDCE35C3190E0603005C0B29 /* menuBtns_02_05.png */; };
		BDCE35D3190E0603005C0B29 /* menuBtns_02.png in Resources */ = {isa = PBXBuildFile; fileRef = BDCE35C4190E0603005C0B29 /* menuBtns_02.png */; };
		BDCE35D4190E0603005C0B29 /* menuBtns_03.png in Resources */ = {isa = PBXBuildFile; fileRef = BDCE35C5190E0603005C0B29 /* menuBtns_03.png */; };
		BDCE35D5190E0603005C0B29 /* menuBtns_04.png in Resources */ = {isa = PBXBuildFile; fileRef = BDCE35C6190E0603005C0B29 /* menuBtns_04.png */; };
		BDCE35D6190E0603005C0B29 /* menuBtns_05.png in Resources */ = {isa = PBXBuildFile; fileRef = BDCE35C7190E0603005C0B29 /* menuBtns_05.png */; };
		BDCE35D7190E0603005C0B29 /* menuBtns_06.png in Resources */ = {isa = PBXBuildFile; fileRef = BDCE35C8190E0603005C0B29 /* menuBtns_06.png */; };
		BDCE35D8190E0603005C0B29 /* menuBtns_07.png in Resources */ = {isa = PBXBuildFile; fileRef = BDCE35C9190E0603005C0B29 /* menuBtns_07.png */; };
		BDCE35DC190E8013005C0B29 /* emptyHeader_01_01.png in Resources */ = {isa = PBXBuildFile; fileRef = BDCE35DB190E8013005C0B29 /* emptyHeader_01_01.png */; };
		BDE60F3D18F7A5E70000C546 /* eventsSchedtext.png in Resources */ = {isa = PBXBuildFile; fileRef = BDE60F3C18F7A5E70000C546 /* eventsSchedtext.png */; };
		BDE60F3F18F7A6E50000C546 /* add.png in Resources */ = {isa = PBXBuildFile; fileRef = BDE60F3E18F7A6E50000C546 /* add.png */; };
		BDE60F4318F8A8F10000C546 /* header.png in Resources */ = {isa = PBXBuildFile; fileRef = BDE60F4218F8A8F10000C546 /* header.png */; };
/* End PBXBuildFile section */

/* Begin PBXContainerItemProxy section */
		B3451AD718D7D59D00D032F8 /* PBXContainerItemProxy */ = {
			isa = PBXContainerItemProxy;
			containerPortal = B3451AAF18D7D59D00D032F8 /* Project object */;
			proxyType = 1;
			remoteGlobalIDString = B3451AB618D7D59D00D032F8;
			remoteInfo = FinalsApp;
		};
/* End PBXContainerItemProxy section */

/* Begin PBXFileReference section */
		2768329418E723D400D3EE08 /* GPAViewController.h */ = {isa = PBXFileReference; fileEncoding = 4; lastKnownFileType = sourcecode.c.h; path = GPAViewController.h; sourceTree = "<group>"; };
		2768329518E723D400D3EE08 /* GPAViewController.m */ = {isa = PBXFileReference; fileEncoding = 4; lastKnownFileType = sourcecode.c.objc; path = GPAViewController.m; sourceTree = "<group>"; };
		2768329618E723D400D3EE08 /* GPAViewController.xib */ = {isa = PBXFileReference; fileEncoding = 4; lastKnownFileType = file.xib; path = GPAViewController.xib; sourceTree = "<group>"; };
		840315FF190388E200CF5145 /* QuartzCore.framework */ = {isa = PBXFileReference; lastKnownFileType = wrapper.framework; name = QuartzCore.framework; path = System/Library/Frameworks/QuartzCore.framework; sourceTree = SDKROOT; };
		8444C1CA18E7684600CDDE30 /* SelectedLibraryViewController.h */ = {isa = PBXFileReference; fileEncoding = 4; lastKnownFileType = sourcecode.c.h; path = SelectedLibraryViewController.h; sourceTree = "<group>"; };
		8444C1CB18E7684600CDDE30 /* SelectedLibraryViewController.m */ = {isa = PBXFileReference; fileEncoding = 4; lastKnownFileType = sourcecode.c.objc; path = SelectedLibraryViewController.m; sourceTree = "<group>"; };
		8444C1CC18E7684600CDDE30 /* SelectedLibraryViewController.xib */ = {isa = PBXFileReference; fileEncoding = 4; lastKnownFileType = file.xib; path = SelectedLibraryViewController.xib; sourceTree = "<group>"; };
		847997C618EBC7B8008903C4 /* EventActualViewController.h */ = {isa = PBXFileReference; fileEncoding = 4; lastKnownFileType = sourcecode.c.h; path = EventActualViewController.h; sourceTree = "<group>"; };
		847997C718EBC7B8008903C4 /* EventActualViewController.m */ = {isa = PBXFileReference; fileEncoding = 4; lastKnownFileType = sourcecode.c.objc; path = EventActualViewController.m; sourceTree = "<group>"; };
		847997CB18EDB361008903C4 /* CouponListViewController.h */ = {isa = PBXFileReference; fileEncoding = 4; lastKnownFileType = sourcecode.c.h; path = CouponListViewController.h; sourceTree = "<group>"; };
		847997CC18EDB361008903C4 /* CouponListViewController.m */ = {isa = PBXFileReference; fileEncoding = 4; lastKnownFileType = sourcecode.c.objc; path = CouponListViewController.m; sourceTree = "<group>"; };
		847997CD18EDB361008903C4 /* CouponListViewController.xib */ = {isa = PBXFileReference; fileEncoding = 4; lastKnownFileType = file.xib; path = CouponListViewController.xib; sourceTree = "<group>"; };
		84A93C3918DEB8E600E214A9 /* BusViewController.h */ = {isa = PBXFileReference; fileEncoding = 4; lastKnownFileType = sourcecode.c.h; path = BusViewController.h; sourceTree = "<group>"; };
		84A93C3A18DEB8E600E214A9 /* BusViewController.m */ = {isa = PBXFileReference; fileEncoding = 4; lastKnownFileType = sourcecode.c.objc; path = BusViewController.m; sourceTree = "<group>"; };
		84A93C3B18DEB8E600E214A9 /* BusViewController.xib */ = {isa = PBXFileReference; fileEncoding = 4; lastKnownFileType = file.xib; path = BusViewController.xib; sourceTree = "<group>"; };
		84AA11EF1912B79900EA6A10 /* Kitten and Puppy.jpg */ = {isa = PBXFileReference; lastKnownFileType = image.jpeg; path = "Kitten and Puppy.jpg"; sourceTree = "<group>"; };
		84AA11F11912BE5400EA6A10 /* puppy.jpg */ = {isa = PBXFileReference; lastKnownFileType = image.jpeg; path = puppy.jpg; sourceTree = "<group>"; };
		84AA11F31912BE8C00EA6A10 /* Puppies-and-Kittens-Pictures9.jpg */ = {isa = PBXFileReference; lastKnownFileType = image.jpeg; path = "Puppies-and-Kittens-Pictures9.jpg"; sourceTree = "<group>"; };
		84AA11F519131A3100EA6A10 /* puppies20.jpg */ = {isa = PBXFileReference; lastKnownFileType = image.jpeg; path = puppies20.jpg; sourceTree = "<group>"; };
		84AA11F719131A6100EA6A10 /* IBR-282274.jpg */ = {isa = PBXFileReference; lastKnownFileType = image.jpeg; path = "IBR-282274.jpg"; sourceTree = "<group>"; };
		84AA11F919131AFC00EA6A10 /* puppies17.jpg */ = {isa = PBXFileReference; lastKnownFileType = image.jpeg; path = puppies17.jpg; sourceTree = "<group>"; };
		84AA11FB19131B8800EA6A10 /* puppies18.jpg */ = {isa = PBXFileReference; lastKnownFileType = image.jpeg; path = puppies18.jpg; sourceTree = "<group>"; };
		84AA11FD19131BD500EA6A10 /* Kitten and Puppy5.jpg */ = {isa = PBXFileReference; lastKnownFileType = image.jpeg; path = "Kitten and Puppy5.jpg"; sourceTree = "<group>"; };
		84AA11FF19131C1400EA6A10 /* kittens_puppies2.jpg */ = {isa = PBXFileReference; lastKnownFileType = image.jpeg; path = kittens_puppies2.jpg; sourceTree = "<group>"; };
		84AA120319131E1100EA6A10 /* puppy4.jpg */ = {isa = PBXFileReference; lastKnownFileType = image.jpeg; path = puppy4.jpg; sourceTree = "<group>"; };
		84AA120519131E9D00EA6A10 /* Puppies_And_kittens_Picture253-1-.png */ = {isa = PBXFileReference; lastKnownFileType = image.png; path = "Puppies_And_kittens_Picture253-1-.png"; sourceTree = "<group>"; };
		84AA120719131EFC00EA6A10 /* siberian-husky-puppies-images.jpg */ = {isa = PBXFileReference; lastKnownFileType = image.jpeg; path = "siberian-husky-puppies-images.jpg"; sourceTree = "<group>"; };
		84AA120919131F6300EA6A10 /* kitty-and-puppy 6.jpg */ = {isa = PBXFileReference; lastKnownFileType = image.jpeg; path = "kitty-and-puppy 6.jpg"; sourceTree = "<group>"; };
		84AA120B19131F8D00EA6A10 /* puppies kittens 7.jpg */ = {isa = PBXFileReference; lastKnownFileType = image.jpeg; path = "puppies kittens 7.jpg"; sourceTree = "<group>"; };
		84AA120D19131FDA00EA6A10 /* images8.jpeg */ = {isa = PBXFileReference; lastKnownFileType = image.jpeg; path = images8.jpeg; sourceTree = "<group>"; };
		84AA120F19131FF400EA6A10 /* puppies-kittens-10-1-jpg14.jpg */ = {isa = PBXFileReference; lastKnownFileType = image.jpeg; path = "puppies-kittens-10-1-jpg14.jpg"; sourceTree = "<group>"; };
		84AA12111913201E00EA6A10 /* puppies15.jpg */ = {isa = PBXFileReference; lastKnownFileType = image.jpeg; path = puppies15.jpg; sourceTree = "<group>"; };
		84AA12131913205000EA6A10 /* puppies16.jpg */ = {isa = PBXFileReference; lastKnownFileType = image.jpeg; path = puppies16.jpg; sourceTree = "<group>"; };
		84AA12151913207200EA6A10 /* puppies21.jpg */ = {isa = PBXFileReference; lastKnownFileType = image.jpeg; path = puppies21.jpg; sourceTree = "<group>"; };
		84AA12171913215F00EA6A10 /* cute-puppies-and-kittens-and-bunniescute-puppy-and-kitten-and-bunny-puppies-and-kittens-that-are-best-rclwyg8o.jpg */ = {isa = PBXFileReference; lastKnownFileType = image.jpeg; path = "cute-puppies-and-kittens-and-bunniescute-puppy-and-kitten-and-bunny-puppies-and-kittens-that-are-best-rclwyg8o.jpg"; sourceTree = "<group>"; };
		84AA12191913473E00EA6A10 /* lib.png */ = {isa = PBXFileReference; lastKnownFileType = image.png; path = lib.png; sourceTree = "<group>"; };
		84AA121A1913473E00EA6A10 /* lib@2x.png */ = {isa = PBXFileReference; lastKnownFileType = image.png; path = "lib@2x.png"; sourceTree = "<group>"; };
		84AA12211913615000EA6A10 /* din@2x.png */ = {isa = PBXFileReference; lastKnownFileType = image.png; path = "din@2x.png"; sourceTree = "<group>"; };
		84AA12221913615000EA6A10 /* din.png */ = {isa = PBXFileReference; lastKnownFileType = image.png; path = din.png; sourceTree = "<group>"; };
		84AA12251913619A00EA6A10 /* rec@2x.png */ = {isa = PBXFileReference; lastKnownFileType = image.png; path = "rec@2x.png"; sourceTree = "<group>"; };
		84AA12261913619A00EA6A10 /* rec.png */ = {isa = PBXFileReference; lastKnownFileType = image.png; path = rec.png; sourceTree = "<group>"; };
		84AA122D1913639F00EA6A10 /* h.png */ = {isa = PBXFileReference; lastKnownFileType = image.png; path = h.png; sourceTree = "<group>"; };
		84AA122E1913639F00EA6A10 /* h@2x.png */ = {isa = PBXFileReference; lastKnownFileType = image.png; path = "h@2x.png"; sourceTree = "<group>"; };
		84AA12311913656F00EA6A10 /* tee@2x.png */ = {isa = PBXFileReference; lastKnownFileType = image.png; path = "tee@2x.png"; sourceTree = "<group>"; };
		84AA12321913656F00EA6A10 /* tee.png */ = {isa = PBXFileReference; lastKnownFileType = image.png; path = tee.png; sourceTree = "<group>"; };
		84AA12351913681900EA6A10 /* pk@2x.png */ = {isa = PBXFileReference; lastKnownFileType = image.png; path = "pk@2x.png"; sourceTree = "<group>"; };
		84AA12361913681900EA6A10 /* pk.png */ = {isa = PBXFileReference; lastKnownFileType = image.png; path = pk.png; sourceTree = "<group>"; };
		B3451AB718D7D59D00D032F8 /* FinalsApp.app */ = {isa = PBXFileReference; explicitFileType = wrapper.application; includeInIndex = 0; path = FinalsApp.app; sourceTree = BUILT_PRODUCTS_DIR; };
		B3451ABA18D7D59D00D032F8 /* Foundation.framework */ = {isa = PBXFileReference; lastKnownFileType = wrapper.framework; name = Foundation.framework; path = System/Library/Frameworks/Foundation.framework; sourceTree = SDKROOT; };
		B3451ABC18D7D59D00D032F8 /* CoreGraphics.framework */ = {isa = PBXFileReference; lastKnownFileType = wrapper.framework; name = CoreGraphics.framework; path = System/Library/Frameworks/CoreGraphics.framework; sourceTree = SDKROOT; };
		B3451ABE18D7D59D00D032F8 /* UIKit.framework */ = {isa = PBXFileReference; lastKnownFileType = wrapper.framework; name = UIKit.framework; path = System/Library/Frameworks/UIKit.framework; sourceTree = SDKROOT; };
		B3451AC218D7D59D00D032F8 /* FinalsApp-Info.plist */ = {isa = PBXFileReference; lastKnownFileType = text.plist.xml; path = "FinalsApp-Info.plist"; sourceTree = "<group>"; };
		B3451AC418D7D59D00D032F8 /* en */ = {isa = PBXFileReference; lastKnownFileType = text.plist.strings; name = en; path = en.lproj/InfoPlist.strings; sourceTree = "<group>"; };
		B3451AC618D7D59D00D032F8 /* main.m */ = {isa = PBXFileReference; lastKnownFileType = sourcecode.c.objc; path = main.m; sourceTree = "<group>"; };
		B3451AC818D7D59D00D032F8 /* FinalsApp-Prefix.pch */ = {isa = PBXFileReference; lastKnownFileType = sourcecode.c.h; path = "FinalsApp-Prefix.pch"; sourceTree = "<group>"; };
		B3451AC918D7D59D00D032F8 /* AppDelegate.h */ = {isa = PBXFileReference; lastKnownFileType = sourcecode.c.h; path = AppDelegate.h; sourceTree = "<group>"; };
		B3451ACA18D7D59D00D032F8 /* AppDelegate.m */ = {isa = PBXFileReference; lastKnownFileType = sourcecode.c.objc; path = AppDelegate.m; sourceTree = "<group>"; };
		B3451ACC18D7D59D00D032F8 /* Images.xcassets */ = {isa = PBXFileReference; lastKnownFileType = folder.assetcatalog; path = Images.xcassets; sourceTree = "<group>"; };
		B3451AD218D7D59D00D032F8 /* FinalsAppTests.xctest */ = {isa = PBXFileReference; explicitFileType = wrapper.cfbundle; includeInIndex = 0; path = FinalsAppTests.xctest; sourceTree = BUILT_PRODUCTS_DIR; };
		B3451AD318D7D59D00D032F8 /* XCTest.framework */ = {isa = PBXFileReference; lastKnownFileType = wrapper.framework; name = XCTest.framework; path = Library/Frameworks/XCTest.framework; sourceTree = DEVELOPER_DIR; };
		B3451ADB18D7D59D00D032F8 /* FinalsAppTests-Info.plist */ = {isa = PBXFileReference; lastKnownFileType = text.plist.xml; path = "FinalsAppTests-Info.plist"; sourceTree = "<group>"; };
		B3451ADD18D7D59D00D032F8 /* en */ = {isa = PBXFileReference; lastKnownFileType = text.plist.strings; name = en; path = en.lproj/InfoPlist.strings; sourceTree = "<group>"; };
		B3451ADF18D7D59D00D032F8 /* FinalsAppTests.m */ = {isa = PBXFileReference; lastKnownFileType = sourcecode.c.objc; path = FinalsAppTests.m; sourceTree = "<group>"; };
		B3451AE918D7D6F000D032F8 /* RootViewController.h */ = {isa = PBXFileReference; fileEncoding = 4; lastKnownFileType = sourcecode.c.h; path = RootViewController.h; sourceTree = "<group>"; };
		B3451AEA18D7D6F000D032F8 /* RootViewController.m */ = {isa = PBXFileReference; fileEncoding = 4; lastKnownFileType = sourcecode.c.objc; path = RootViewController.m; sourceTree = "<group>"; };
		B3451AEB18D7D6F000D032F8 /* RootViewController.xib */ = {isa = PBXFileReference; fileEncoding = 4; lastKnownFileType = file.xib; path = RootViewController.xib; sourceTree = "<group>"; };
		B36009F4190F0B5F00E62ECB /* north_diner.jpg */ = {isa = PBXFileReference; lastKnownFileType = image.jpeg; path = north_diner.jpg; sourceTree = "<group>"; };
		B36009F6190F0B8A00E62ECB /* south_diner.jpg */ = {isa = PBXFileReference; lastKnownFileType = image.jpeg; path = south_diner.jpg; sourceTree = "<group>"; };
		B36A896D18D8E35F00CF1BD9 /* MyScheduleViewController.h */ = {isa = PBXFileReference; fileEncoding = 4; lastKnownFileType = sourcecode.c.h; path = MyScheduleViewController.h; sourceTree = "<group>"; };
		B36A896E18D8E35F00CF1BD9 /* MyScheduleViewController.m */ = {isa = PBXFileReference; fileEncoding = 4; lastKnownFileType = sourcecode.c.objc; path = MyScheduleViewController.m; sourceTree = "<group>"; };
		B36A896F18D8E35F00CF1BD9 /* MyScheduleViewController.xib */ = {isa = PBXFileReference; fileEncoding = 4; lastKnownFileType = file.xib; path = MyScheduleViewController.xib; sourceTree = "<group>"; };
		B36A897218D8E39600CF1BD9 /* EventsViewController.h */ = {isa = PBXFileReference; fileEncoding = 4; lastKnownFileType = sourcecode.c.h; path = EventsViewController.h; sourceTree = "<group>"; };
		B36A897318D8E39600CF1BD9 /* EventsViewController.m */ = {isa = PBXFileReference; fileEncoding = 4; lastKnownFileType = sourcecode.c.objc; path = EventsViewController.m; sourceTree = "<group>"; };
		B36A897418D8E39600CF1BD9 /* EventsViewController.xib */ = {isa = PBXFileReference; fileEncoding = 4; lastKnownFileType = file.xib; path = EventsViewController.xib; sourceTree = "<group>"; };
		B36A897C18D8E40100CF1BD9 /* LibraryHoursViewController.h */ = {isa = PBXFileReference; fileEncoding = 4; lastKnownFileType = sourcecode.c.h; path = LibraryHoursViewController.h; sourceTree = "<group>"; };
		B36A897D18D8E40100CF1BD9 /* LibraryHoursViewController.m */ = {isa = PBXFileReference; fileEncoding = 4; lastKnownFileType = sourcecode.c.objc; path = LibraryHoursViewController.m; sourceTree = "<group>"; };
		B36A897E18D8E40100CF1BD9 /* LibraryHoursViewController.xib */ = {isa = PBXFileReference; fileEncoding = 4; lastKnownFileType = file.xib; path = LibraryHoursViewController.xib; sourceTree = "<group>"; };
		B36A898118D8E40F00CF1BD9 /* BusScheduleViewController.h */ = {isa = PBXFileReference; fileEncoding = 4; lastKnownFileType = sourcecode.c.h; path = BusScheduleViewController.h; sourceTree = "<group>"; };
		B36A898218D8E40F00CF1BD9 /* BusScheduleViewController.m */ = {isa = PBXFileReference; fileEncoding = 4; lastKnownFileType = sourcecode.c.objc; path = BusScheduleViewController.m; sourceTree = "<group>"; };
		B36A898318D8E40F00CF1BD9 /* BusScheduleViewController.xib */ = {isa = PBXFileReference; fileEncoding = 4; lastKnownFileType = file.xib; path = BusScheduleViewController.xib; sourceTree = "<group>"; };
		B36A898618D8E42200CF1BD9 /* CouponsViewController.h */ = {isa = PBXFileReference; fileEncoding = 4; lastKnownFileType = sourcecode.c.h; path = CouponsViewController.h; sourceTree = "<group>"; };
		B36A898718D8E42200CF1BD9 /* CouponsViewController.m */ = {isa = PBXFileReference; fileEncoding = 4; lastKnownFileType = sourcecode.c.objc; path = CouponsViewController.m; sourceTree = "<group>"; };
		B36A898818D8E42200CF1BD9 /* CouponsViewController.xib */ = {isa = PBXFileReference; fileEncoding = 4; lastKnownFileType = file.xib; path = CouponsViewController.xib; sourceTree = "<group>"; };
		B36D0A9E18F2FDAB005D39BD /* TimeManagementViewController.h */ = {isa = PBXFileReference; fileEncoding = 4; lastKnownFileType = sourcecode.c.h; path = TimeManagementViewController.h; sourceTree = "<group>"; };
		B36D0A9F18F2FDAB005D39BD /* TimeManagementViewController.m */ = {isa = PBXFileReference; fileEncoding = 4; lastKnownFileType = sourcecode.c.objc; path = TimeManagementViewController.m; sourceTree = "<group>"; };
		B36D0AA018F2FDAB005D39BD /* TimeManagementViewController.xib */ = {isa = PBXFileReference; fileEncoding = 4; lastKnownFileType = file.xib; path = TimeManagementViewController.xib; sourceTree = "<group>"; };
		B36D0AA318F2FDE3005D39BD /* StressReliefViewController.h */ = {isa = PBXFileReference; fileEncoding = 4; lastKnownFileType = sourcecode.c.h; path = StressReliefViewController.h; sourceTree = "<group>"; };
		B36D0AA418F2FDE3005D39BD /* StressReliefViewController.m */ = {isa = PBXFileReference; fileEncoding = 4; lastKnownFileType = sourcecode.c.objc; path = StressReliefViewController.m; sourceTree = "<group>"; };
		B36D0AA518F2FDE3005D39BD /* StressReliefViewController.xib */ = {isa = PBXFileReference; fileEncoding = 4; lastKnownFileType = file.xib; path = StressReliefViewController.xib; sourceTree = "<group>"; };
		B36D0AA818F2FDFA005D39BD /* PicturesOfPAndKViewController.h */ = {isa = PBXFileReference; fileEncoding = 4; lastKnownFileType = sourcecode.c.h; path = PicturesOfPAndKViewController.h; sourceTree = "<group>"; };
		B36D0AA918F2FDFA005D39BD /* PicturesOfPAndKViewController.m */ = {isa = PBXFileReference; fileEncoding = 4; lastKnownFileType = sourcecode.c.objc; path = PicturesOfPAndKViewController.m; sourceTree = "<group>"; };
		B36D0AAA18F2FDFA005D39BD /* PicturesOfPAndKViewController.xib */ = {isa = PBXFileReference; fileEncoding = 4; lastKnownFileType = file.xib; path = PicturesOfPAndKViewController.xib; sourceTree = "<group>"; };
		B36D0AAD18F2FE1A005D39BD /* TestudoOfferingViewController.h */ = {isa = PBXFileReference; fileEncoding = 4; lastKnownFileType = sourcecode.c.h; path = TestudoOfferingViewController.h; sourceTree = "<group>"; };
		B36D0AAE18F2FE1A005D39BD /* TestudoOfferingViewController.m */ = {isa = PBXFileReference; fileEncoding = 4; lastKnownFileType = sourcecode.c.objc; path = TestudoOfferingViewController.m; sourceTree = "<group>"; };
		B36D0AAF18F2FE1A005D39BD /* TestudoOfferingViewController.xib */ = {isa = PBXFileReference; fileEncoding = 4; lastKnownFileType = file.xib; path = TestudoOfferingViewController.xib; sourceTree = "<group>"; };
		B36D0AB218F2FE30005D39BD /* QuoteViewController.h */ = {isa = PBXFileReference; fileEncoding = 4; lastKnownFileType = sourcecode.c.h; path = QuoteViewController.h; sourceTree = "<group>"; };
		B36D0AB318F2FE30005D39BD /* QuoteViewController.m */ = {isa = PBXFileReference; fileEncoding = 4; lastKnownFileType = sourcecode.c.objc; path = QuoteViewController.m; sourceTree = "<group>"; };
		B36D0AB418F2FE30005D39BD /* QuoteViewController.xib */ = {isa = PBXFileReference; fileEncoding = 4; lastKnownFileType = file.xib; path = QuoteViewController.xib; sourceTree = "<group>"; };
		B36D0AB718F2FE3B005D39BD /* AboutViewController.h */ = {isa = PBXFileReference; fileEncoding = 4; lastKnownFileType = sourcecode.c.h; path = AboutViewController.h; sourceTree = "<group>"; };
		B36D0AB818F2FE3B005D39BD /* AboutViewController.m */ = {isa = PBXFileReference; fileEncoding = 4; lastKnownFileType = sourcecode.c.objc; path = AboutViewController.m; sourceTree = "<group>"; };
		B36D0AB918F2FE3B005D39BD /* AboutViewController.xib */ = {isa = PBXFileReference; fileEncoding = 4; lastKnownFileType = file.xib; path = AboutViewController.xib; sourceTree = "<group>"; };
		B38DCAB618F9BB3800962849 /* StressHelpViewController.h */ = {isa = PBXFileReference; fileEncoding = 4; lastKnownFileType = sourcecode.c.h; path = StressHelpViewController.h; sourceTree = "<group>"; };
		B38DCAB718F9BB3800962849 /* StressHelpViewController.m */ = {isa = PBXFileReference; fileEncoding = 4; lastKnownFileType = sourcecode.c.objc; path = StressHelpViewController.m; sourceTree = "<group>"; };
		B38DCAB818F9BB3800962849 /* StressHelpViewController.xib */ = {isa = PBXFileReference; fileEncoding = 4; lastKnownFileType = file.xib; path = StressHelpViewController.xib; sourceTree = "<group>"; };
		B38DCABD18F9CA5200962849 /* pic10.png */ = {isa = PBXFileReference; lastKnownFileType = image.png; path = pic10.png; sourceTree = "<group>"; };
		B38DCABE18F9CA5200962849 /* pic11.png */ = {isa = PBXFileReference; lastKnownFileType = image.png; path = pic11.png; sourceTree = "<group>"; };
		B38DCABF18F9CA5200962849 /* pic12.png */ = {isa = PBXFileReference; lastKnownFileType = image.png; path = pic12.png; sourceTree = "<group>"; };
		B38DCAC018F9CA5200962849 /* pic13.png */ = {isa = PBXFileReference; lastKnownFileType = image.png; path = pic13.png; sourceTree = "<group>"; };
		B38DCAC118F9CA5200962849 /* pic14.png */ = {isa = PBXFileReference; lastKnownFileType = image.png; path = pic14.png; sourceTree = "<group>"; };
		B38DCAC218F9CA5200962849 /* pic15.png */ = {isa = PBXFileReference; lastKnownFileType = image.png; path = pic15.png; sourceTree = "<group>"; };
		B38DCAC318F9CA5200962849 /* pic16.png */ = {isa = PBXFileReference; lastKnownFileType = image.png; path = pic16.png; sourceTree = "<group>"; };
		B38DCAC518F9CA5200962849 /* pic3.png */ = {isa = PBXFileReference; lastKnownFileType = image.png; path = pic3.png; sourceTree = "<group>"; };
		B38DCAC618F9CA5200962849 /* pic4.png */ = {isa = PBXFileReference; lastKnownFileType = image.png; path = pic4.png; sourceTree = "<group>"; };
		B38DCAC718F9CA5200962849 /* pic5.png */ = {isa = PBXFileReference; lastKnownFileType = image.png; path = pic5.png; sourceTree = "<group>"; };
		B38DCAC818F9CA5200962849 /* pic6.png */ = {isa = PBXFileReference; lastKnownFileType = image.png; path = pic6.png; sourceTree = "<group>"; };
		B38DCAC918F9CA5200962849 /* pic7.png */ = {isa = PBXFileReference; lastKnownFileType = image.png; path = pic7.png; sourceTree = "<group>"; };
		B38DCACA18F9CA5200962849 /* pic8.png */ = {isa = PBXFileReference; lastKnownFileType = image.png; path = pic8.png; sourceTree = "<group>"; };
		B38DCACB18F9CA5200962849 /* pic9.png */ = {isa = PBXFileReference; lastKnownFileType = image.png; path = pic9.png; sourceTree = "<group>"; };
		B38FDAC2190EACB000986EA1 /* eppley.jpg */ = {isa = PBXFileReference; lastKnownFileType = image.jpeg; path = eppley.jpg; sourceTree = "<group>"; };
		B38FDAC3190EACB000986EA1 /* ritchie.jpg */ = {isa = PBXFileReference; lastKnownFileType = image.jpeg; path = ritchie.jpg; sourceTree = "<group>"; };
		B38FDAC4190EACB000986EA1 /* sph.jpg */ = {isa = PBXFileReference; lastKnownFileType = image.jpeg; path = sph.jpg; sourceTree = "<group>"; };
		B3D253B418D8BA8E0049D016 /* Architecture.jpg */ = {isa = PBXFileReference; lastKnownFileType = image.jpeg; path = Architecture.jpg; sourceTree = "<group>"; };
		B3D253B518D8BA8E0049D016 /* Art.jpg */ = {isa = PBXFileReference; lastKnownFileType = image.jpeg; path = Art.jpg; sourceTree = "<group>"; };
		B3D253B618D8BA8E0049D016 /* Blank Coupon iphone 4.jpeg */ = {isa = PBXFileReference; lastKnownFileType = image.jpeg; path = "Blank Coupon iphone 4.jpeg"; sourceTree = "<group>"; };
		B3D253B718D8BA8E0049D016 /* bus.png */ = {isa = PBXFileReference; lastKnownFileType = image.png; path = bus.png; sourceTree = "<group>"; };
		B3D253B818D8BA8E0049D016 /* cal.png */ = {isa = PBXFileReference; lastKnownFileType = image.png; path = cal.png; sourceTree = "<group>"; };
		B3D253B918D8BA8E0049D016 /* Chemistry.jpg */ = {isa = PBXFileReference; lastKnownFileType = image.jpeg; path = Chemistry.jpg; sourceTree = "<group>"; };
		B3D253BA18D8BA8E0049D016 /* coupon_header.png */ = {isa = PBXFileReference; lastKnownFileType = image.png; path = coupon_header.png; sourceTree = "<group>"; };
		B3D253BB18D8BA8E0049D016 /* CSPAC.jpg */ = {isa = PBXFileReference; lastKnownFileType = image.jpeg; path = CSPAC.jpg; sourceTree = "<group>"; };
		B3D253BC18D8BA8E0049D016 /* Engineering.jpg */ = {isa = PBXFileReference; lastKnownFileType = image.jpeg; path = Engineering.jpg; sourceTree = "<group>"; };
		B3D253BD18D8BA8E0049D016 /* food.png */ = {isa = PBXFileReference; lastKnownFileType = image.png; path = food.png; sourceTree = "<group>"; };
		B3D253BE18D8BA8E0049D016 /* gym.png */ = {isa = PBXFileReference; lastKnownFileType = image.png; path = gym.png; sourceTree = "<group>"; };
		B3D253BF18D8BA8E0049D016 /* Hornbake.jpg */ = {isa = PBXFileReference; lastKnownFileType = image.jpeg; path = Hornbake.jpg; sourceTree = "<group>"; };
		B3D253C018D8BA8E0049D016 /* icon-120.png */ = {isa = PBXFileReference; lastKnownFileType = image.png; path = "icon-120.png"; sourceTree = "<group>"; };
		B3D253C118D8BA8E0049D016 /* icon.png */ = {isa = PBXFileReference; lastKnownFileType = image.png; path = icon.png; sourceTree = "<group>"; };
		B3D253C218D8BA8E0049D016 /* library.png */ = {isa = PBXFileReference; lastKnownFileType = image.png; path = library.png; sourceTree = "<group>"; };
		B3D253C318D8BA8E0049D016 /* McKeldin.jpg */ = {isa = PBXFileReference; lastKnownFileType = image.jpeg; path = McKeldin.jpg; sourceTree = "<group>"; };
		B3D253C418D8BA8E0049D016 /* party.png */ = {isa = PBXFileReference; lastKnownFileType = image.png; path = party.png; sourceTree = "<group>"; };
		B3D253C518D8BA8E0049D016 /* splash.png */ = {isa = PBXFileReference; lastKnownFileType = image.png; path = splash.png; sourceTree = "<group>"; };
		B3D253C618D8BA8E0049D016 /* splash1.png */ = {isa = PBXFileReference; lastKnownFileType = image.png; path = splash1.png; sourceTree = "<group>"; };
		B3D253C718D8BA8E0049D016 /* splash3.png */ = {isa = PBXFileReference; lastKnownFileType = image.png; path = splash3.png; sourceTree = "<group>"; };
		B3D253C818D8BA8E0049D016 /* splash4-1.png */ = {isa = PBXFileReference; lastKnownFileType = image.png; path = "splash4-1.png"; sourceTree = "<group>"; };
		B3D253C918D8BA8E0049D016 /* splash4.png */ = {isa = PBXFileReference; lastKnownFileType = image.png; path = splash4.png; sourceTree = "<group>"; };
		B3FFB1F518F2540F0043C3A2 /* GymViewController.h */ = {isa = PBXFileReference; fileEncoding = 4; lastKnownFileType = sourcecode.c.h; path = GymViewController.h; sourceTree = "<group>"; };
		B3FFB1F618F2540F0043C3A2 /* GymViewController.m */ = {isa = PBXFileReference; fileEncoding = 4; lastKnownFileType = sourcecode.c.objc; path = GymViewController.m; sourceTree = "<group>"; };
		B3FFB1F718F2540F0043C3A2 /* GymViewController.xib */ = {isa = PBXFileReference; fileEncoding = 4; lastKnownFileType = file.xib; path = GymViewController.xib; sourceTree = "<group>"; };
		B3FFB1FA18F2576C0043C3A2 /* DiningViewController.h */ = {isa = PBXFileReference; fileEncoding = 4; lastKnownFileType = sourcecode.c.h; path = DiningViewController.h; sourceTree = "<group>"; };
		B3FFB1FB18F2576C0043C3A2 /* DiningViewController.m */ = {isa = PBXFileReference; fileEncoding = 4; lastKnownFileType = sourcecode.c.objc; path = DiningViewController.m; sourceTree = "<group>"; };
		B3FFB1FC18F2576C0043C3A2 /* DiningViewController.xib */ = {isa = PBXFileReference; fileEncoding = 4; lastKnownFileType = file.xib; path = DiningViewController.xib; sourceTree = "<group>"; };
		BD0C1B9918FD8E0900903676 /* IMG_2735.JPG */ = {isa = PBXFileReference; lastKnownFileType = image.jpeg; path = IMG_2735.JPG; sourceTree = "<group>"; };
		BD0C1B9A18FD8E0900903676 /* IMG_2740.JPG */ = {isa = PBXFileReference; lastKnownFileType = image.jpeg; path = IMG_2740.JPG; sourceTree = "<group>"; };
		BD0C1B9B18FD8E0900903676 /* IMG_2742.JPG */ = {isa = PBXFileReference; lastKnownFileType = image.jpeg; path = IMG_2742.JPG; sourceTree = "<group>"; };
		BD0C1B9C18FD8E0900903676 /* IMG_2749.JPG */ = {isa = PBXFileReference; lastKnownFileType = image.jpeg; path = IMG_2749.JPG; sourceTree = "<group>"; };
		BD0C1B9D18FD8E0900903676 /* IMG_2750.JPG */ = {isa = PBXFileReference; lastKnownFileType = image.jpeg; path = IMG_2750.JPG; sourceTree = "<group>"; };
		BD6EF92518F5001F007ECB45 /* header_01.png */ = {isa = PBXFileReference; lastKnownFileType = image.png; name = header_01.png; path = icons/images/images/header_01.png; sourceTree = "<group>"; };
		BDC3E5C618F643AC00A893D4 /* specialButton_01.png */ = {isa = PBXFileReference; lastKnownFileType = image.png; name = specialButton_01.png; path = icons/images/specialButton_01.png; sourceTree = "<group>"; };
		BDC3E5CA18F6481200A893D4 /* back2.png */ = {isa = PBXFileReference; lastKnownFileType = image.png; name = back2.png; path = icons/back2.png; sourceTree = "<group>"; };
		BDC3E5CC18F649A100A893D4 /* campusEventsText.png */ = {isa = PBXFileReference; lastKnownFileType = image.png; name = campusEventsText.png; path = icons/campusEventsText.png; sourceTree = "<group>"; };
		BDC3E61A18F649E300A893D4 /* emptyHeader_01.png */ = {isa = PBXFileReference; lastKnownFileType = image.png; name = emptyHeader_01.png; path = icons/images/emptyHeader_01.png; sourceTree = "<group>"; };
		BDC3E61C18F6503600A893D4 /* EventActualViewController.xib */ = {isa = PBXFileReference; fileEncoding = 4; lastKnownFileType = file.xib; path = EventActualViewController.xib; sourceTree = "<group>"; };
		BDCE35BA190E0603005C0B29 /* aboutbtn_07.png */ = {isa = PBXFileReference; lastKnownFileType = image.png; path = aboutbtn_07.png; sourceTree = "<group>"; };
		BDCE35BC190E0603005C0B29 /* menu_04.png */ = {isa = PBXFileReference; lastKnownFileType = image.png; path = menu_04.png; sourceTree = "<group>"; };
		BDCE35BD190E0603005C0B29 /* menu_05.png */ = {isa = PBXFileReference; lastKnownFileType = image.png; path = menu_05.png; sourceTree = "<group>"; };
		BDCE35BE190E0603005C0B29 /* menu_06.png */ = {isa = PBXFileReference; lastKnownFileType = image.png; path = menu_06.png; sourceTree = "<group>"; };
		BDCE35BF190E0603005C0B29 /* menu_07.png */ = {isa = PBXFileReference; lastKnownFileType = image.png; path = menu_07.png; sourceTree = "<group>"; };
		BDCE35C0190E0603005C0B29 /* menuBtns_02_02.png */ = {isa = PBXFileReference; lastKnownFileType = image.png; path = menuBtns_02_02.png; sourceTree = "<group>"; };
		BDCE35C1190E0603005C0B29 /* menuBtns_02_03.png */ = {isa = PBXFileReference; lastKnownFileType = image.png; path = menuBtns_02_03.png; sourceTree = "<group>"; };
		BDCE35C2190E0603005C0B29 /* menuBtns_02_04.png */ = {isa = PBXFileReference; lastKnownFileType = image.png; path = menuBtns_02_04.png; sourceTree = "<group>"; };
		BDCE35C3190E0603005C0B29 /* menuBtns_02_05.png */ = {isa = PBXFileReference; lastKnownFileType = image.png; path = menuBtns_02_05.png; sourceTree = "<group>"; };
		BDCE35C4190E0603005C0B29 /* menuBtns_02.png */ = {isa = PBXFileReference; lastKnownFileType = image.png; path = menuBtns_02.png; sourceTree = "<group>"; };
		BDCE35C5190E0603005C0B29 /* menuBtns_03.png */ = {isa = PBXFileReference; lastKnownFileType = image.png; path = menuBtns_03.png; sourceTree = "<group>"; };
		BDCE35C6190E0603005C0B29 /* menuBtns_04.png */ = {isa = PBXFileReference; lastKnownFileType = image.png; path = menuBtns_04.png; sourceTree = "<group>"; };
		BDCE35C7190E0603005C0B29 /* menuBtns_05.png */ = {isa = PBXFileReference; lastKnownFileType = image.png; path = menuBtns_05.png; sourceTree = "<group>"; };
		BDCE35C8190E0603005C0B29 /* menuBtns_06.png */ = {isa = PBXFileReference; lastKnownFileType = image.png; path = menuBtns_06.png; sourceTree = "<group>"; };
		BDCE35C9190E0603005C0B29 /* menuBtns_07.png */ = {isa = PBXFileReference; lastKnownFileType = image.png; path = menuBtns_07.png; sourceTree = "<group>"; };
		BDCE35DB190E8013005C0B29 /* emptyHeader_01_01.png */ = {isa = PBXFileReference; lastKnownFileType = image.png; name = emptyHeader_01_01.png; path = icons/images/images/emptyHeader_01_01.png; sourceTree = "<group>"; };
		BDE60F3C18F7A5E70000C546 /* eventsSchedtext.png */ = {isa = PBXFileReference; lastKnownFileType = image.png; name = eventsSchedtext.png; path = icons/eventsSchedtext.png; sourceTree = "<group>"; };
		BDE60F3E18F7A6E50000C546 /* add.png */ = {isa = PBXFileReference; lastKnownFileType = image.png; name = add.png; path = icons/add.png; sourceTree = "<group>"; };
		BDE60F4218F8A8F10000C546 /* header.png */ = {isa = PBXFileReference; lastKnownFileType = image.png; name = header.png; path = images/header.png; sourceTree = "<group>"; };
/* End PBXFileReference section */

/* Begin PBXFrameworksBuildPhase section */
		B3451AB418D7D59D00D032F8 /* Frameworks */ = {
			isa = PBXFrameworksBuildPhase;
			buildActionMask = 2147483647;
			files = (
				B3451ABD18D7D59D00D032F8 /* CoreGraphics.framework in Frameworks */,
				B3451ABF18D7D59D00D032F8 /* UIKit.framework in Frameworks */,
				B3451ABB18D7D59D00D032F8 /* Foundation.framework in Frameworks */,
			);
			runOnlyForDeploymentPostprocessing = 0;
		};
		B3451ACF18D7D59D00D032F8 /* Frameworks */ = {
			isa = PBXFrameworksBuildPhase;
			buildActionMask = 2147483647;
			files = (
				B3451AD418D7D59D00D032F8 /* XCTest.framework in Frameworks */,
				B3451AD618D7D59D00D032F8 /* UIKit.framework in Frameworks */,
				B3451AD518D7D59D00D032F8 /* Foundation.framework in Frameworks */,
			);
			runOnlyForDeploymentPostprocessing = 0;
		};
/* End PBXFrameworksBuildPhase section */

/* Begin PBXGroup section */
		B3451AAE18D7D59D00D032F8 = {
			isa = PBXGroup;
			children = (
				B3451AC018D7D59D00D032F8 /* FinalsApp */,
				B3451AD918D7D59D00D032F8 /* FinalsAppTests */,
				B3451AB918D7D59D00D032F8 /* Frameworks */,
				B3451AB818D7D59D00D032F8 /* Products */,
			);
			sourceTree = "<group>";
		};
		B3451AB818D7D59D00D032F8 /* Products */ = {
			isa = PBXGroup;
			children = (
				B3451AB718D7D59D00D032F8 /* FinalsApp.app */,
				B3451AD218D7D59D00D032F8 /* FinalsAppTests.xctest */,
			);
			name = Products;
			sourceTree = "<group>";
		};
		B3451AB918D7D59D00D032F8 /* Frameworks */ = {
			isa = PBXGroup;
			children = (
				840315FF190388E200CF5145 /* QuartzCore.framework */,
				B3451ABA18D7D59D00D032F8 /* Foundation.framework */,
				B3451ABC18D7D59D00D032F8 /* CoreGraphics.framework */,
				B3451ABE18D7D59D00D032F8 /* UIKit.framework */,
				B3451AD318D7D59D00D032F8 /* XCTest.framework */,
			);
			name = Frameworks;
			sourceTree = "<group>";
		};
		B3451AC018D7D59D00D032F8 /* FinalsApp */ = {
			isa = PBXGroup;
			children = (
				B3451AC918D7D59D00D032F8 /* AppDelegate.h */,
				B3451ACA18D7D59D00D032F8 /* AppDelegate.m */,
				B3451AE918D7D6F000D032F8 /* RootViewController.h */,
				B3451AEA18D7D6F000D032F8 /* RootViewController.m */,
				B3451AEB18D7D6F000D032F8 /* RootViewController.xib */,
				B36A896D18D8E35F00CF1BD9 /* MyScheduleViewController.h */,
				B36A896E18D8E35F00CF1BD9 /* MyScheduleViewController.m */,
				B36A896F18D8E35F00CF1BD9 /* MyScheduleViewController.xib */,
				B36A897218D8E39600CF1BD9 /* EventsViewController.h */,
				B36A897318D8E39600CF1BD9 /* EventsViewController.m */,
				B36A897418D8E39600CF1BD9 /* EventsViewController.xib */,
				847997C618EBC7B8008903C4 /* EventActualViewController.h */,
				847997C718EBC7B8008903C4 /* EventActualViewController.m */,
				BDC3E61C18F6503600A893D4 /* EventActualViewController.xib */,
				2768329418E723D400D3EE08 /* GPAViewController.h */,
				2768329518E723D400D3EE08 /* GPAViewController.m */,
				2768329618E723D400D3EE08 /* GPAViewController.xib */,
				B3FFB1F518F2540F0043C3A2 /* GymViewController.h */,
				B3FFB1F618F2540F0043C3A2 /* GymViewController.m */,
				B3FFB1F718F2540F0043C3A2 /* GymViewController.xib */,
				B3FFB1FA18F2576C0043C3A2 /* DiningViewController.h */,
				B3FFB1FB18F2576C0043C3A2 /* DiningViewController.m */,
				B3FFB1FC18F2576C0043C3A2 /* DiningViewController.xib */,
				B36A897C18D8E40100CF1BD9 /* LibraryHoursViewController.h */,
				B36A897D18D8E40100CF1BD9 /* LibraryHoursViewController.m */,
				B36A897E18D8E40100CF1BD9 /* LibraryHoursViewController.xib */,
				8444C1CA18E7684600CDDE30 /* SelectedLibraryViewController.h */,
				8444C1CB18E7684600CDDE30 /* SelectedLibraryViewController.m */,
				8444C1CC18E7684600CDDE30 /* SelectedLibraryViewController.xib */,
				B36A898118D8E40F00CF1BD9 /* BusScheduleViewController.h */,
				B36A898218D8E40F00CF1BD9 /* BusScheduleViewController.m */,
				B36A898318D8E40F00CF1BD9 /* BusScheduleViewController.xib */,
				84A93C3918DEB8E600E214A9 /* BusViewController.h */,
				84A93C3A18DEB8E600E214A9 /* BusViewController.m */,
				84A93C3B18DEB8E600E214A9 /* BusViewController.xib */,
				B36A898618D8E42200CF1BD9 /* CouponsViewController.h */,
				B36A898718D8E42200CF1BD9 /* CouponsViewController.m */,
				B36A898818D8E42200CF1BD9 /* CouponsViewController.xib */,
				847997CB18EDB361008903C4 /* CouponListViewController.h */,
				847997CC18EDB361008903C4 /* CouponListViewController.m */,
				847997CD18EDB361008903C4 /* CouponListViewController.xib */,
				B36D0A9E18F2FDAB005D39BD /* TimeManagementViewController.h */,
				B36D0A9F18F2FDAB005D39BD /* TimeManagementViewController.m */,
				B36D0AA018F2FDAB005D39BD /* TimeManagementViewController.xib */,
				B36D0AA318F2FDE3005D39BD /* StressReliefViewController.h */,
				B36D0AA418F2FDE3005D39BD /* StressReliefViewController.m */,
				B36D0AA518F2FDE3005D39BD /* StressReliefViewController.xib */,
				B38DCAB618F9BB3800962849 /* StressHelpViewController.h */,
				B38DCAB718F9BB3800962849 /* StressHelpViewController.m */,
				B38DCAB818F9BB3800962849 /* StressHelpViewController.xib */,
				B36D0AA818F2FDFA005D39BD /* PicturesOfPAndKViewController.h */,
				B36D0AA918F2FDFA005D39BD /* PicturesOfPAndKViewController.m */,
				B36D0AAA18F2FDFA005D39BD /* PicturesOfPAndKViewController.xib */,
				B36D0AAD18F2FE1A005D39BD /* TestudoOfferingViewController.h */,
				B36D0AAE18F2FE1A005D39BD /* TestudoOfferingViewController.m */,
				B36D0AAF18F2FE1A005D39BD /* TestudoOfferingViewController.xib */,
				B36D0AB218F2FE30005D39BD /* QuoteViewController.h */,
				B36D0AB318F2FE30005D39BD /* QuoteViewController.m */,
				B36D0AB418F2FE30005D39BD /* QuoteViewController.xib */,
				B36D0AB718F2FE3B005D39BD /* AboutViewController.h */,
				B36D0AB818F2FE3B005D39BD /* AboutViewController.m */,
				B36D0AB918F2FE3B005D39BD /* AboutViewController.xib */,
				B3D253B318D8BA8E0049D016 /* icons */,
				B3451ACC18D7D59D00D032F8 /* Images.xcassets */,
				B3451AC118D7D59D00D032F8 /* Supporting Files */,
			);
			path = FinalsApp;
			sourceTree = "<group>";
		};
		B3451AC118D7D59D00D032F8 /* Supporting Files */ = {
			isa = PBXGroup;
			children = (
				BDCE35DB190E8013005C0B29 /* emptyHeader_01_01.png */,
				BDCE35B9190E0603005C0B29 /* images */,
				BD0C1B9818FD8E0900903676 /* photos */,
				B38DCABB18F9CA5200962849 /* puppies and kittens */,
				B38FDAC1190EACB000986EA1 /* recCenters */,
				BDE60F3E18F7A6E50000C546 /* add.png */,
				BDE60F3C18F7A5E70000C546 /* eventsSchedtext.png */,
				BDC3E61A18F649E300A893D4 /* emptyHeader_01.png */,
				BDC3E5CC18F649A100A893D4 /* campusEventsText.png */,
				BDC3E5CA18F6481200A893D4 /* back2.png */,
				BDC3E5C618F643AC00A893D4 /* specialButton_01.png */,
				B36009F4190F0B5F00E62ECB /* north_diner.jpg */,
				B36009F6190F0B8A00E62ECB /* south_diner.jpg */,
				BD6EF92418F4FE48007ECB45 /* menu */,
				B3451AC218D7D59D00D032F8 /* FinalsApp-Info.plist */,
				B3451AC318D7D59D00D032F8 /* InfoPlist.strings */,
				B3451AC618D7D59D00D032F8 /* main.m */,
				B3451AC818D7D59D00D032F8 /* FinalsApp-Prefix.pch */,
			);
			name = "Supporting Files";
			sourceTree = "<group>";
		};
		B3451AD918D7D59D00D032F8 /* FinalsAppTests */ = {
			isa = PBXGroup;
			children = (
				B3451ADF18D7D59D00D032F8 /* FinalsAppTests.m */,
				B3451ADA18D7D59D00D032F8 /* Supporting Files */,
			);
			path = FinalsAppTests;
			sourceTree = "<group>";
		};
		B3451ADA18D7D59D00D032F8 /* Supporting Files */ = {
			isa = PBXGroup;
			children = (
				B3451ADB18D7D59D00D032F8 /* FinalsAppTests-Info.plist */,
				B3451ADC18D7D59D00D032F8 /* InfoPlist.strings */,
			);
			name = "Supporting Files";
			sourceTree = "<group>";
		};
		B38DCABB18F9CA5200962849 /* puppies and kittens */ = {
			isa = PBXGroup;
			children = (
				B38DCABD18F9CA5200962849 /* pic10.png */,
				84AA11F11912BE5400EA6A10 /* puppy.jpg */,
				84AA11EF1912B79900EA6A10 /* Kitten and Puppy.jpg */,
				84AA11F31912BE8C00EA6A10 /* Puppies-and-Kittens-Pictures9.jpg */,
				84AA11FB19131B8800EA6A10 /* puppies18.jpg */,
				B38DCABE18F9CA5200962849 /* pic11.png */,
				B38DCABF18F9CA5200962849 /* pic12.png */,
				84AA11F519131A3100EA6A10 /* puppies20.jpg */,
				B38DCAC018F9CA5200962849 /* pic13.png */,
				84AA11F719131A6100EA6A10 /* IBR-282274.jpg */,
				B38DCAC118F9CA5200962849 /* pic14.png */,
				B38DCAC218F9CA5200962849 /* pic15.png */,
				84AA11F919131AFC00EA6A10 /* puppies17.jpg */,
				84AA11FD19131BD500EA6A10 /* Kitten and Puppy5.jpg */,
				84AA11FF19131C1400EA6A10 /* kittens_puppies2.jpg */,
				84AA120319131E1100EA6A10 /* puppy4.jpg */,
				84AA120519131E9D00EA6A10 /* Puppies_And_kittens_Picture253-1-.png */,
				84AA120719131EFC00EA6A10 /* siberian-husky-puppies-images.jpg */,
				84AA120919131F6300EA6A10 /* kitty-and-puppy 6.jpg */,
				84AA120B19131F8D00EA6A10 /* puppies kittens 7.jpg */,
				84AA120D19131FDA00EA6A10 /* images8.jpeg */,
				84AA120F19131FF400EA6A10 /* puppies-kittens-10-1-jpg14.jpg */,
				84AA12111913201E00EA6A10 /* puppies15.jpg */,
				84AA12131913205000EA6A10 /* puppies16.jpg */,
				84AA12151913207200EA6A10 /* puppies21.jpg */,
				84AA12171913215F00EA6A10 /* cute-puppies-and-kittens-and-bunniescute-puppy-and-kitten-and-bunny-puppies-and-kittens-that-are-best-rclwyg8o.jpg */,
				B38DCAC318F9CA5200962849 /* pic16.png */,
				B38DCAC518F9CA5200962849 /* pic3.png */,
				B38DCAC618F9CA5200962849 /* pic4.png */,
				B38DCAC718F9CA5200962849 /* pic5.png */,
				B38DCAC818F9CA5200962849 /* pic6.png */,
				B38DCAC918F9CA5200962849 /* pic7.png */,
				B38DCACA18F9CA5200962849 /* pic8.png */,
				B38DCACB18F9CA5200962849 /* pic9.png */,
			);
			path = "puppies and kittens";
			sourceTree = "<group>";
		};
		B38FDAC1190EACB000986EA1 /* recCenters */ = {
			isa = PBXGroup;
			children = (
				B38FDAC2190EACB000986EA1 /* eppley.jpg */,
				B38FDAC3190EACB000986EA1 /* ritchie.jpg */,
				B38FDAC4190EACB000986EA1 /* sph.jpg */,
			);
			path = recCenters;
			sourceTree = "<group>";
		};
		B3D253B318D8BA8E0049D016 /* icons */ = {
			isa = PBXGroup;
			children = (
				84AA12311913656F00EA6A10 /* tee@2x.png */,
				84AA12351913681900EA6A10 /* pk@2x.png */,
				84AA12361913681900EA6A10 /* pk.png */,
				84AA12321913656F00EA6A10 /* tee.png */,
				84AA122D1913639F00EA6A10 /* h.png */,
				84AA122E1913639F00EA6A10 /* h@2x.png */,
				84AA12251913619A00EA6A10 /* rec@2x.png */,
				84AA12261913619A00EA6A10 /* rec.png */,
				84AA12211913615000EA6A10 /* din@2x.png */,
				84AA12221913615000EA6A10 /* din.png */,
				BDE60F4218F8A8F10000C546 /* header.png */,
				84AA12191913473E00EA6A10 /* lib.png */,
				84AA121A1913473E00EA6A10 /* lib@2x.png */,
				B3D253B418D8BA8E0049D016 /* Architecture.jpg */,
				B3D253B518D8BA8E0049D016 /* Art.jpg */,
				B3D253B618D8BA8E0049D016 /* Blank Coupon iphone 4.jpeg */,
				B3D253B718D8BA8E0049D016 /* bus.png */,
				B3D253B818D8BA8E0049D016 /* cal.png */,
				B3D253B918D8BA8E0049D016 /* Chemistry.jpg */,
				B3D253BA18D8BA8E0049D016 /* coupon_header.png */,
				B3D253BB18D8BA8E0049D016 /* CSPAC.jpg */,
				B3D253BC18D8BA8E0049D016 /* Engineering.jpg */,
				B3D253BD18D8BA8E0049D016 /* food.png */,
				B3D253BE18D8BA8E0049D016 /* gym.png */,
				B3D253BF18D8BA8E0049D016 /* Hornbake.jpg */,
				B3D253C018D8BA8E0049D016 /* icon-120.png */,
				B3D253C118D8BA8E0049D016 /* icon.png */,
				B3D253C218D8BA8E0049D016 /* library.png */,
				B3D253C318D8BA8E0049D016 /* McKeldin.jpg */,
				B3D253C418D8BA8E0049D016 /* party.png */,
				B3D253C518D8BA8E0049D016 /* splash.png */,
				B3D253C618D8BA8E0049D016 /* splash1.png */,
				B3D253C718D8BA8E0049D016 /* splash3.png */,
				B3D253C818D8BA8E0049D016 /* splash4-1.png */,
				B3D253C918D8BA8E0049D016 /* splash4.png */,
			);
			path = icons;
			sourceTree = "<group>";
		};
		BD0C1B9818FD8E0900903676 /* photos */ = {
			isa = PBXGroup;
			children = (
				BD0C1B9918FD8E0900903676 /* IMG_2735.JPG */,
				BD0C1B9A18FD8E0900903676 /* IMG_2740.JPG */,
				BD0C1B9B18FD8E0900903676 /* IMG_2742.JPG */,
				BD0C1B9C18FD8E0900903676 /* IMG_2749.JPG */,
				BD0C1B9D18FD8E0900903676 /* IMG_2750.JPG */,
			);
			path = photos;
			sourceTree = "<group>";
		};
		BD6EF92418F4FE48007ECB45 /* menu */ = {
			isa = PBXGroup;
			children = (
				BD6EF92518F5001F007ECB45 /* header_01.png */,
			);
			name = menu;
			sourceTree = "<group>";
		};
		BDCE35B9190E0603005C0B29 /* images */ = {
			isa = PBXGroup;
			children = (
				BDCE35BA190E0603005C0B29 /* aboutbtn_07.png */,
				BDCE35BB190E0603005C0B29 /* images */,
				BDCE35C4190E0603005C0B29 /* menuBtns_02.png */,
				BDCE35C5190E0603005C0B29 /* menuBtns_03.png */,
				BDCE35C6190E0603005C0B29 /* menuBtns_04.png */,
				BDCE35C7190E0603005C0B29 /* menuBtns_05.png */,
				BDCE35C8190E0603005C0B29 /* menuBtns_06.png */,
				BDCE35C9190E0603005C0B29 /* menuBtns_07.png */,
			);
			path = images;
			sourceTree = "<group>";
		};
		BDCE35BB190E0603005C0B29 /* images */ = {
			isa = PBXGroup;
			children = (
				BDCE35BC190E0603005C0B29 /* menu_04.png */,
				BDCE35BD190E0603005C0B29 /* menu_05.png */,
				BDCE35BE190E0603005C0B29 /* menu_06.png */,
				BDCE35BF190E0603005C0B29 /* menu_07.png */,
				BDCE35C0190E0603005C0B29 /* menuBtns_02_02.png */,
				BDCE35C1190E0603005C0B29 /* menuBtns_02_03.png */,
				BDCE35C2190E0603005C0B29 /* menuBtns_02_04.png */,
				BDCE35C3190E0603005C0B29 /* menuBtns_02_05.png */,
			);
			path = images;
			sourceTree = "<group>";
		};
/* End PBXGroup section */

/* Begin PBXNativeTarget section */
		B3451AB618D7D59D00D032F8 /* FinalsApp */ = {
			isa = PBXNativeTarget;
			buildConfigurationList = B3451AE318D7D59D00D032F8 /* Build configuration list for PBXNativeTarget "FinalsApp" */;
			buildPhases = (
				B3451AB318D7D59D00D032F8 /* Sources */,
				B3451AB418D7D59D00D032F8 /* Frameworks */,
				B3451AB518D7D59D00D032F8 /* Resources */,
			);
			buildRules = (
			);
			dependencies = (
			);
			name = FinalsApp;
			productName = FinalsApp;
			productReference = B3451AB718D7D59D00D032F8 /* FinalsApp.app */;
			productType = "com.apple.product-type.application";
		};
		B3451AD118D7D59D00D032F8 /* FinalsAppTests */ = {
			isa = PBXNativeTarget;
			buildConfigurationList = B3451AE618D7D59D00D032F8 /* Build configuration list for PBXNativeTarget "FinalsAppTests" */;
			buildPhases = (
				B3451ACE18D7D59D00D032F8 /* Sources */,
				B3451ACF18D7D59D00D032F8 /* Frameworks */,
				B3451AD018D7D59D00D032F8 /* Resources */,
			);
			buildRules = (
			);
			dependencies = (
				B3451AD818D7D59D00D032F8 /* PBXTargetDependency */,
			);
			name = FinalsAppTests;
			productName = FinalsAppTests;
			productReference = B3451AD218D7D59D00D032F8 /* FinalsAppTests.xctest */;
			productType = "com.apple.product-type.bundle.unit-test";
		};
/* End PBXNativeTarget section */

/* Begin PBXProject section */
		B3451AAF18D7D59D00D032F8 /* Project object */ = {
			isa = PBXProject;
			attributes = {
				LastUpgradeCheck = 0500;
				ORGANIZATIONNAME = "Kieran Raftery";
				TargetAttributes = {
					B3451AB618D7D59D00D032F8 = {
						DevelopmentTeam = DU27KW2996;
					};
					B3451AD118D7D59D00D032F8 = {
						TestTargetID = B3451AB618D7D59D00D032F8;
					};
				};
			};
			buildConfigurationList = B3451AB218D7D59D00D032F8 /* Build configuration list for PBXProject "FinalsApp" */;
			compatibilityVersion = "Xcode 3.2";
			developmentRegion = English;
			hasScannedForEncodings = 0;
			knownRegions = (
				en,
			);
			mainGroup = B3451AAE18D7D59D00D032F8;
			productRefGroup = B3451AB818D7D59D00D032F8 /* Products */;
			projectDirPath = "";
			projectRoot = "";
			targets = (
				B3451AB618D7D59D00D032F8 /* FinalsApp */,
				B3451AD118D7D59D00D032F8 /* FinalsAppTests */,
			);
		};
/* End PBXProject section */

/* Begin PBXResourcesBuildPhase section */
		B3451AB518D7D59D00D032F8 /* Resources */ = {
			isa = PBXResourcesBuildPhase;
			buildActionMask = 2147483647;
			files = (
				84AA12341913656F00EA6A10 /* tee.png in Resources */,
				B3D253CB18D8BA8E0049D016 /* Art.jpg in Resources */,
				84AA11FE19131BD500EA6A10 /* Kitten and Puppy5.jpg in Resources */,
				B36009F7190F0B8A00E62ECB /* south_diner.jpg in Resources */,
				BDC3E5CB18F6481200A893D4 /* back2.png in Resources */,
				B38FDAC5190EACB000986EA1 /* eppley.jpg in Resources */,
				84AA12121913201E00EA6A10 /* puppies15.jpg in Resources */,
				BDCE35D2190E0603005C0B29 /* menuBtns_02_05.png in Resources */,
				B3D253D518D8BA8E0049D016 /* Hornbake.jpg in Resources */,
				84AA11FA19131AFC00EA6A10 /* puppies17.jpg in Resources */,
				B3D253D618D8BA8E0049D016 /* icon-120.png in Resources */,
				B36A898518D8E40F00CF1BD9 /* BusScheduleViewController.xib in Resources */,
				B38DCAD118F9CA5200962849 /* pic14.png in Resources */,
				B3D253CC18D8BA8E0049D016 /* Blank Coupon iphone 4.jpeg in Resources */,
				B36A897618D8E39600CF1BD9 /* EventsViewController.xib in Resources */,
				84AA12161913207200EA6A10 /* puppies21.jpg in Resources */,
				84AA12381913681900EA6A10 /* pk.png in Resources */,
				BDE60F3F18F7A6E50000C546 /* add.png in Resources */,
				84AA12371913681900EA6A10 /* pk@2x.png in Resources */,
				B36D0AB618F2FE30005D39BD /* QuoteViewController.xib in Resources */,
				84AA120C19131F8D00EA6A10 /* puppies kittens 7.jpg in Resources */,
				B36A898A18D8E42200CF1BD9 /* CouponsViewController.xib in Resources */,
				84AA121019131FF400EA6A10 /* puppies-kittens-10-1-jpg14.jpg in Resources */,
				B38DCAD718F9CA5200962849 /* pic5.png in Resources */,
				BDCE35D3190E0603005C0B29 /* menuBtns_02.png in Resources */,
				BDC3E5E118F649A100A893D4 /* campusEventsText.png in Resources */,
				84AA11F01912B79900EA6A10 /* Kitten and Puppy.jpg in Resources */,
				B3D253CF18D8BA8E0049D016 /* Chemistry.jpg in Resources */,
				B3D253DA18D8BA8E0049D016 /* party.png in Resources */,
				B38DCADB18F9CA5200962849 /* pic9.png in Resources */,
				B3D253D118D8BA8E0049D016 /* CSPAC.jpg in Resources */,
				84AA12181913215F00EA6A10 /* cute-puppies-and-kittens-and-bunniescute-puppy-and-kitten-and-bunny-puppies-and-kittens-that-are-best-rclwyg8o.jpg in Resources */,
				84A93C3D18DEB8E600E214A9 /* BusViewController.xib in Resources */,
				B36D0ABB18F2FE3B005D39BD /* AboutViewController.xib in Resources */,
				B3D253DE18D8BA8E0049D016 /* splash4-1.png in Resources */,
				84AA120019131C1400EA6A10 /* kittens_puppies2.jpg in Resources */,
				B3451AC518D7D59D00D032F8 /* InfoPlist.strings in Resources */,
				B3D253D918D8BA8E0049D016 /* McKeldin.jpg in Resources */,
				84AA12141913205000EA6A10 /* puppies16.jpg in Resources */,
				B38DCAD318F9CA5200962849 /* pic16.png in Resources */,
				84AA12231913615000EA6A10 /* din@2x.png in Resources */,
				BDCE35CE190E0603005C0B29 /* menu_07.png in Resources */,
				B36D0AA718F2FDE3005D39BD /* StressReliefViewController.xib in Resources */,
				84AA11F819131A6100EA6A10 /* IBR-282274.jpg in Resources */,
				84AA11FC19131B8800EA6A10 /* puppies18.jpg in Resources */,
				B38DCAD618F9CA5200962849 /* pic4.png in Resources */,
				84AA122F1913639F00EA6A10 /* h.png in Resources */,
				84AA120819131EFC00EA6A10 /* siberian-husky-puppies-images.jpg in Resources */,
				BD0C1B9E18FD8E0900903676 /* IMG_2735.JPG in Resources */,
				BDE60F4318F8A8F10000C546 /* header.png in Resources */,
				B38DCABA18F9BB3800962849 /* StressHelpViewController.xib in Resources */,
				B38FDAC7190EACB000986EA1 /* sph.jpg in Resources */,
				B3D253D418D8BA8E0049D016 /* gym.png in Resources */,
				84AA12301913639F00EA6A10 /* h@2x.png in Resources */,
				B38DCACD18F9CA5200962849 /* pic10.png in Resources */,
				B36D0AAC18F2FDFA005D39BD /* PicturesOfPAndKViewController.xib in Resources */,
				B3451ACD18D7D59D00D032F8 /* Images.xcassets in Resources */,
				B36A898018D8E40100CF1BD9 /* LibraryHoursViewController.xib in Resources */,
				BDCE35D4190E0603005C0B29 /* menuBtns_03.png in Resources */,
				B3D253CD18D8BA8E0049D016 /* bus.png in Resources */,
				BD0C1BA118FD8E0900903676 /* IMG_2749.JPG in Resources */,
				84AA12331913656F00EA6A10 /* tee@2x.png in Resources */,
				BD0C1BA218FD8E0900903676 /* IMG_2750.JPG in Resources */,
				B38DCAD818F9CA5200962849 /* pic6.png in Resources */,
				B3D253DF18D8BA8E0049D016 /* splash4.png in Resources */,
				B3D253D718D8BA8E0049D016 /* icon.png in Resources */,
				B3FFB1F918F2540F0043C3A2 /* GymViewController.xib in Resources */,
				B3D253D018D8BA8E0049D016 /* coupon_header.png in Resources */,
				B3D253CA18D8BA8E0049D016 /* Architecture.jpg in Resources */,
				BDCE35D8190E0603005C0B29 /* menuBtns_07.png in Resources */,
				84AA12241913615000EA6A10 /* din.png in Resources */,
				8444C1CE18E7684600CDDE30 /* SelectedLibraryViewController.xib in Resources */,
				2768329918E723D400D3EE08 /* GPAViewController.xib in Resources */,
				847997CF18EDB361008903C4 /* CouponListViewController.xib in Resources */,
				B3D253D818D8BA8E0049D016 /* library.png in Resources */,
				B38DCACE18F9CA5200962849 /* pic11.png in Resources */,
				B36D0AB118F2FE1A005D39BD /* TestudoOfferingViewController.xib in Resources */,
				B3D253DC18D8BA8E0049D016 /* splash1.png in Resources */,
				BDCE35DC190E8013005C0B29 /* emptyHeader_01_01.png in Resources */,
				BDE60F3D18F7A5E70000C546 /* eventsSchedtext.png in Resources */,
				B3D253D318D8BA8E0049D016 /* food.png in Resources */,
				B36009F5190F0B5F00E62ECB /* north_diner.jpg in Resources */,
				BD0C1BA018FD8E0900903676 /* IMG_2742.JPG in Resources */,
				B38DCAD518F9CA5200962849 /* pic3.png in Resources */,
				B36D0AA218F2FDAB005D39BD /* TimeManagementViewController.xib in Resources */,
				BDCE35CD190E0603005C0B29 /* menu_06.png in Resources */,
				84AA120619131E9D00EA6A10 /* Puppies_And_kittens_Picture253-1-.png in Resources */,
				BDC3E61D18F6503600A893D4 /* EventActualViewController.xib in Resources */,
				B38DCAD018F9CA5200962849 /* pic13.png in Resources */,
				84AA12281913619A00EA6A10 /* rec.png in Resources */,
				84AA120419131E1100EA6A10 /* puppy4.jpg in Resources */,
				84AA120E19131FDA00EA6A10 /* images8.jpeg in Resources */,
				84AA11F619131A3100EA6A10 /* puppies20.jpg in Resources */,
				BD0C1B9F18FD8E0900903676 /* IMG_2740.JPG in Resources */,
				B38DCAD918F9CA5200962849 /* pic7.png in Resources */,
				84AA11F41912BE8C00EA6A10 /* Puppies-and-Kittens-Pictures9.jpg in Resources */,
				B38FDAC6190EACB000986EA1 /* ritchie.jpg in Resources */,
				B38DCAD218F9CA5200962849 /* pic15.png in Resources */,
				B38DCACF18F9CA5200962849 /* pic12.png in Resources */,
				BDCE35CC190E0603005C0B29 /* menu_05.png in Resources */,
				B3D253DD18D8BA8E0049D016 /* splash3.png in Resources */,
				BDC3E61B18F649E300A893D4 /* emptyHeader_01.png in Resources */,
				84AA11F21912BE5400EA6A10 /* puppy.jpg in Resources */,
				BD6EF92618F5001F007ECB45 /* header_01.png in Resources */,
				BDC3E5C718F643AC00A893D4 /* specialButton_01.png in Resources */,
				B3D253DB18D8BA8E0049D016 /* splash.png in Resources */,
				B3D253D218D8BA8E0049D016 /* Engineering.jpg in Resources */,
				B3D253CE18D8BA8E0049D016 /* cal.png in Resources */,
				B3FFB1FE18F2576C0043C3A2 /* DiningViewController.xib in Resources */,
				BDCE35D1190E0603005C0B29 /* menuBtns_02_04.png in Resources */,
				BDCE35D6190E0603005C0B29 /* menuBtns_05.png in Resources */,
				84AA121C1913473E00EA6A10 /* lib@2x.png in Resources */,
				BDCE35CA190E0603005C0B29 /* aboutbtn_07.png in Resources */,
				BDCE35CF190E0603005C0B29 /* menuBtns_02_02.png in Resources */,
				BDCE35D7190E0603005C0B29 /* menuBtns_06.png in Resources */,
				BDCE35CB190E0603005C0B29 /* menu_04.png in Resources */,
				84AA121B1913473E00EA6A10 /* lib.png in Resources */,
				BDCE35D5190E0603005C0B29 /* menuBtns_04.png in Resources */,
				B38DCADA18F9CA5200962849 /* pic8.png in Resources */,
				84AA12271913619A00EA6A10 /* rec@2x.png in Resources */,
				B3451AED18D7D6F000D032F8 /* RootViewController.xib in Resources */,
				84AA120A19131F6300EA6A10 /* kitty-and-puppy 6.jpg in Resources */,
				B36A897118D8E35F00CF1BD9 /* MyScheduleViewController.xib in Resources */,
				BDCE35D0190E0603005C0B29 /* menuBtns_02_03.png in Resources */,
			);
			runOnlyForDeploymentPostprocessing = 0;
		};
		B3451AD018D7D59D00D032F8 /* Resources */ = {
			isa = PBXResourcesBuildPhase;
			buildActionMask = 2147483647;
			files = (
				B3451ADE18D7D59D00D032F8 /* InfoPlist.strings in Resources */,
				2768329A18E723D400D3EE08 /* GPAViewController.xib in Resources */,
			);
			runOnlyForDeploymentPostprocessing = 0;
		};
/* End PBXResourcesBuildPhase section */

/* Begin PBXSourcesBuildPhase section */
		B3451AB318D7D59D00D032F8 /* Sources */ = {
			isa = PBXSourcesBuildPhase;
			buildActionMask = 2147483647;
			files = (
				B36A898418D8E40F00CF1BD9 /* BusScheduleViewController.m in Sources */,
				B3FFB1FD18F2576C0043C3A2 /* DiningViewController.m in Sources */,
				847997C918EBC7B9008903C4 /* EventActualViewController.m in Sources */,
				B36D0ABA18F2FE3B005D39BD /* AboutViewController.m in Sources */,
				B36D0AAB18F2FDFA005D39BD /* PicturesOfPAndKViewController.m in Sources */,
				847997CE18EDB361008903C4 /* CouponListViewController.m in Sources */,
				B36D0AB518F2FE30005D39BD /* QuoteViewController.m in Sources */,
				B36D0AA618F2FDE3005D39BD /* StressReliefViewController.m in Sources */,
				B36D0AA118F2FDAB005D39BD /* TimeManagementViewController.m in Sources */,
				B3451ACB18D7D59D00D032F8 /* AppDelegate.m in Sources */,
				2768329718E723D400D3EE08 /* GPAViewController.m in Sources */,
				8444C1CD18E7684600CDDE30 /* SelectedLibraryViewController.m in Sources */,
				B3FFB1F818F2540F0043C3A2 /* GymViewController.m in Sources */,
				B38DCAB918F9BB3800962849 /* StressHelpViewController.m in Sources */,
				B36A897518D8E39600CF1BD9 /* EventsViewController.m in Sources */,
				B36D0AB018F2FE1A005D39BD /* TestudoOfferingViewController.m in Sources */,
				B36A897F18D8E40100CF1BD9 /* LibraryHoursViewController.m in Sources */,
				B36A898918D8E42200CF1BD9 /* CouponsViewController.m in Sources */,
				84A93C3C18DEB8E600E214A9 /* BusViewController.m in Sources */,
				B36A897018D8E35F00CF1BD9 /* MyScheduleViewController.m in Sources */,
				B3451AC718D7D59D00D032F8 /* main.m in Sources */,
				B3451AEC18D7D6F000D032F8 /* RootViewController.m in Sources */,
			);
			runOnlyForDeploymentPostprocessing = 0;
		};
		B3451ACE18D7D59D00D032F8 /* Sources */ = {
			isa = PBXSourcesBuildPhase;
			buildActionMask = 2147483647;
			files = (
				B3451AE018D7D59D00D032F8 /* FinalsAppTests.m in Sources */,
				2768329818E723D400D3EE08 /* GPAViewController.m in Sources */,
			);
			runOnlyForDeploymentPostprocessing = 0;
		};
/* End PBXSourcesBuildPhase section */

/* Begin PBXTargetDependency section */
		B3451AD818D7D59D00D032F8 /* PBXTargetDependency */ = {
			isa = PBXTargetDependency;
			target = B3451AB618D7D59D00D032F8 /* FinalsApp */;
			targetProxy = B3451AD718D7D59D00D032F8 /* PBXContainerItemProxy */;
		};
/* End PBXTargetDependency section */

/* Begin PBXVariantGroup section */
		B3451AC318D7D59D00D032F8 /* InfoPlist.strings */ = {
			isa = PBXVariantGroup;
			children = (
				B3451AC418D7D59D00D032F8 /* en */,
			);
			name = InfoPlist.strings;
			sourceTree = "<group>";
		};
		B3451ADC18D7D59D00D032F8 /* InfoPlist.strings */ = {
			isa = PBXVariantGroup;
			children = (
				B3451ADD18D7D59D00D032F8 /* en */,
			);
			name = InfoPlist.strings;
			sourceTree = "<group>";
		};
/* End PBXVariantGroup section */

/* Begin XCBuildConfiguration section */
		B3451AE118D7D59D00D032F8 /* Debug */ = {
			isa = XCBuildConfiguration;
			buildSettings = {
				ALWAYS_SEARCH_USER_PATHS = NO;
				ARCHS = "$(ARCHS_STANDARD_INCLUDING_64_BIT)";
				CLANG_CXX_LANGUAGE_STANDARD = "gnu++0x";
				CLANG_CXX_LIBRARY = "libc++";
				CLANG_ENABLE_MODULES = YES;
				CLANG_ENABLE_OBJC_ARC = YES;
				CLANG_WARN_BOOL_CONVERSION = YES;
				CLANG_WARN_CONSTANT_CONVERSION = YES;
				CLANG_WARN_DIRECT_OBJC_ISA_USAGE = YES_ERROR;
				CLANG_WARN_EMPTY_BODY = YES;
				CLANG_WARN_ENUM_CONVERSION = YES;
				CLANG_WARN_INT_CONVERSION = YES;
				CLANG_WARN_OBJC_ROOT_CLASS = YES_ERROR;
				CLANG_WARN__DUPLICATE_METHOD_MATCH = YES;
				"CODE_SIGN_IDENTITY[sdk=iphoneos*]" = "iPhone Developer";
				COPY_PHASE_STRIP = NO;
				GCC_C_LANGUAGE_STANDARD = gnu99;
				GCC_DYNAMIC_NO_PIC = NO;
				GCC_OPTIMIZATION_LEVEL = 0;
				GCC_PREPROCESSOR_DEFINITIONS = (
					"DEBUG=1",
					"$(inherited)",
				);
				GCC_SYMBOLS_PRIVATE_EXTERN = NO;
				GCC_WARN_64_TO_32_BIT_CONVERSION = YES;
				GCC_WARN_ABOUT_RETURN_TYPE = YES_ERROR;
				GCC_WARN_UNDECLARED_SELECTOR = YES;
				GCC_WARN_UNINITIALIZED_AUTOS = YES;
				GCC_WARN_UNUSED_FUNCTION = YES;
				GCC_WARN_UNUSED_VARIABLE = YES;
				IPHONEOS_DEPLOYMENT_TARGET = 7.0;
				ONLY_ACTIVE_ARCH = YES;
				SDKROOT = iphoneos;
			};
			name = Debug;
		};
		B3451AE218D7D59D00D032F8 /* Release */ = {
			isa = XCBuildConfiguration;
			buildSettings = {
				ALWAYS_SEARCH_USER_PATHS = NO;
				ARCHS = "$(ARCHS_STANDARD_INCLUDING_64_BIT)";
				CLANG_CXX_LANGUAGE_STANDARD = "gnu++0x";
				CLANG_CXX_LIBRARY = "libc++";
				CLANG_ENABLE_MODULES = YES;
				CLANG_ENABLE_OBJC_ARC = YES;
				CLANG_WARN_BOOL_CONVERSION = YES;
				CLANG_WARN_CONSTANT_CONVERSION = YES;
				CLANG_WARN_DIRECT_OBJC_ISA_USAGE = YES_ERROR;
				CLANG_WARN_EMPTY_BODY = YES;
				CLANG_WARN_ENUM_CONVERSION = YES;
				CLANG_WARN_INT_CONVERSION = YES;
				CLANG_WARN_OBJC_ROOT_CLASS = YES_ERROR;
				CLANG_WARN__DUPLICATE_METHOD_MATCH = YES;
				"CODE_SIGN_IDENTITY[sdk=iphoneos*]" = "iPhone Developer";
				COPY_PHASE_STRIP = YES;
				ENABLE_NS_ASSERTIONS = NO;
				GCC_C_LANGUAGE_STANDARD = gnu99;
				GCC_WARN_64_TO_32_BIT_CONVERSION = YES;
				GCC_WARN_ABOUT_RETURN_TYPE = YES_ERROR;
				GCC_WARN_UNDECLARED_SELECTOR = YES;
				GCC_WARN_UNINITIALIZED_AUTOS = YES;
				GCC_WARN_UNUSED_FUNCTION = YES;
				GCC_WARN_UNUSED_VARIABLE = YES;
				IPHONEOS_DEPLOYMENT_TARGET = 7.0;
				SDKROOT = iphoneos;
				VALIDATE_PRODUCT = YES;
			};
			name = Release;
		};
		B3451AE418D7D59D00D032F8 /* Debug */ = {
			isa = XCBuildConfiguration;
			buildSettings = {
				ASSETCATALOG_COMPILER_APPICON_NAME = AppIcon;
				ASSETCATALOG_COMPILER_LAUNCHIMAGE_NAME = LaunchImage;
				CODE_SIGN_IDENTITY = "iPhone Developer";
				"CODE_SIGN_IDENTITY[sdk=iphoneos*]" = "iPhone Developer";
				GCC_PRECOMPILE_PREFIX_HEADER = YES;
				GCC_PREFIX_HEADER = "FinalsApp/FinalsApp-Prefix.pch";
				INFOPLIST_FILE = "FinalsApp/FinalsApp-Info.plist";
				PRODUCT_NAME = "$(TARGET_NAME)";
				PROVISIONING_PROFILE = "";
				WRAPPER_EXTENSION = app;
			};
			name = Debug;
		};
		B3451AE518D7D59D00D032F8 /* Release */ = {
			isa = XCBuildConfiguration;
			buildSettings = {
				ASSETCATALOG_COMPILER_APPICON_NAME = AppIcon;
				ASSETCATALOG_COMPILER_LAUNCHIMAGE_NAME = LaunchImage;
				CODE_SIGN_IDENTITY = "iPhone Developer";
				"CODE_SIGN_IDENTITY[sdk=iphoneos*]" = "iPhone Developer";
				GCC_PRECOMPILE_PREFIX_HEADER = YES;
				GCC_PREFIX_HEADER = "FinalsApp/FinalsApp-Prefix.pch";
				INFOPLIST_FILE = "FinalsApp/FinalsApp-Info.plist";
				PRODUCT_NAME = "$(TARGET_NAME)";
				PROVISIONING_PROFILE = "";
				WRAPPER_EXTENSION = app;
			};
			name = Release;
		};
		B3451AE718D7D59D00D032F8 /* Debug */ = {
			isa = XCBuildConfiguration;
			buildSettings = {
				ARCHS = "$(ARCHS_STANDARD_INCLUDING_64_BIT)";
				BUNDLE_LOADER = "$(BUILT_PRODUCTS_DIR)/FinalsApp.app/FinalsApp";
				FRAMEWORK_SEARCH_PATHS = (
					"$(SDKROOT)/Developer/Library/Frameworks",
					"$(inherited)",
					"$(DEVELOPER_FRAMEWORKS_DIR)",
				);
				GCC_PRECOMPILE_PREFIX_HEADER = YES;
				GCC_PREFIX_HEADER = "FinalsApp/FinalsApp-Prefix.pch";
				GCC_PREPROCESSOR_DEFINITIONS = (
					"DEBUG=1",
					"$(inherited)",
				);
				INFOPLIST_FILE = "FinalsAppTests/FinalsAppTests-Info.plist";
				PRODUCT_NAME = "$(TARGET_NAME)";
				TEST_HOST = "$(BUNDLE_LOADER)";
				WRAPPER_EXTENSION = xctest;
			};
			name = Debug;
		};
		B3451AE818D7D59D00D032F8 /* Release */ = {
			isa = XCBuildConfiguration;
			buildSettings = {
				ARCHS = "$(ARCHS_STANDARD_INCLUDING_64_BIT)";
				BUNDLE_LOADER = "$(BUILT_PRODUCTS_DIR)/FinalsApp.app/FinalsApp";
				FRAMEWORK_SEARCH_PATHS = (
					"$(SDKROOT)/Developer/Library/Frameworks",
					"$(inherited)",
					"$(DEVELOPER_FRAMEWORKS_DIR)",
				);
				GCC_PRECOMPILE_PREFIX_HEADER = YES;
				GCC_PREFIX_HEADER = "FinalsApp/FinalsApp-Prefix.pch";
				INFOPLIST_FILE = "FinalsAppTests/FinalsAppTests-Info.plist";
				PRODUCT_NAME = "$(TARGET_NAME)";
				TEST_HOST = "$(BUNDLE_LOADER)";
				WRAPPER_EXTENSION = xctest;
			};
			name = Release;
		};
/* End XCBuildConfiguration section */

/* Begin XCConfigurationList section */
		B3451AB218D7D59D00D032F8 /* Build configuration list for PBXProject "FinalsApp" */ = {
			isa = XCConfigurationList;
			buildConfigurations = (
				B3451AE118D7D59D00D032F8 /* Debug */,
				B3451AE218D7D59D00D032F8 /* Release */,
			);
			defaultConfigurationIsVisible = 0;
			defaultConfigurationName = Release;
		};
		B3451AE318D7D59D00D032F8 /* Build configuration list for PBXNativeTarget "FinalsApp" */ = {
			isa = XCConfigurationList;
			buildConfigurations = (
				B3451AE418D7D59D00D032F8 /* Debug */,
				B3451AE518D7D59D00D032F8 /* Release */,
			);
			defaultConfigurationIsVisible = 0;
			defaultConfigurationName = Release;
		};
		B3451AE618D7D59D00D032F8 /* Build configuration list for PBXNativeTarget "FinalsAppTests" */ = {
			isa = XCConfigurationList;
			buildConfigurations = (
				B3451AE718D7D59D00D032F8 /* Debug */,
				B3451AE818D7D59D00D032F8 /* Release */,
			);
			defaultConfigurationIsVisible = 0;
			defaultConfigurationName = Release;
		};
/* End XCConfigurationList section */
	};
	rootObject = B3451AAF18D7D59D00D032F8 /* Project object */;
}
